{
  "version": 4,
  "terraform_version": "1.15.8",
  "serial": 51,
  "lineage": "58ee9500-fd1a-6a1d-4098-d0d46831bfba",
  "outputs": {
    "alb_arn": {
      "value": "arn:aws:elasticloadbalancing:us-east-1:106295460257:loadbalancer/app/my-alb/0988ea2f9c1ac3c9",
      "type": "string"
    },
    "alb_dns_name": {
      "value": "my-alb-432080167.us-east-1.elb.amazonaws.com",
      "type": "string"
    },
    "alb_id": {
      "value": "arn:aws:elasticloadbalancing:us-east-1:106295460257:loadbalancer/app/my-alb/0988ea2f9c1ac3c9",
      "type": "string"
    },
    "alb_zone_id": {
      "value": "Z35SXDOTRQ7X7K",
      "type": "string"
    },
    "availability_zone": {
      "value": "us-east-1a",
      "type": "string"
    },
    "db_address": {
      "value": "my-rds.c214w64cecep.us-east-1.rds.amazonaws.com",
      "type": "string"
    },
    "db_endpoint": {
      "value": "my-rds.c214w64cecep.us-east-1.rds.amazonaws.com:3306",
      "type": "string"
    },
    "db_instance_id": {
      "value": "db-ZHTAXQWRRVBVF3CBQX7C7H776Q",
      "type": "string"
    },
    "db_subnet_group": {
      "value": "my-db-subnet-group",
      "type": "string"
    },
    "iam_role_arn": {
      "value": "arn:aws:iam::106295460257:role/EC2-SSM-Role",
      "type": "string"
    },
    "iam_role_name": {
      "value": "EC2-SSM-Role",
      "type": "string"
    },
    "instance_id": {
      "value": "i-0300b9f1db51bbcd7",
      "type": "string"
    },
    "instance_profile_arn": {
      "value": "arn:aws:iam::106295460257:instance-profile/EC2-SSM-Profile",
      "type": "string"
    },
    "instance_profile_name": {
      "value": "EC2-SSM-Profile",
      "type": "string"
    },
    "instance_state": {
      "value": "running",
      "type": "string"
    },
    "key_name": {
      "value": "terraform-key",
      "type": "string"
    },
    "listener_arn": {
      "value": "arn:aws:elasticloadbalancing:us-east-1:106295460257:listener/app/my-alb/0988ea2f9c1ac3c9/8347adb6ffba4a36",
      "type": "string"
    },
    "private_ip": {
      "value": "10.0.11.59",
      "type": "string"
    },
    "private_key_file": {
      "value": "terraform-key.pem",
      "type": "string"
    },
    "target_group_arn": {
      "value": "arn:aws:elasticloadbalancing:us-east-1:106295460257:targetgroup/my-target-group/cc50dcc8bb6433eb",
      "type": "string"
    }
  },
  "resources": [
    {
      "module": "module.alb",
      "mode": "managed",
      "type": "aws_lb",
      "name": "alb",
      "provider": "provider[\"registry.terraform.io/hashicorp/aws\"]",
      "instances": [
        {
          "schema_version": 0,
          "attributes": {
            "access_logs": [
              {
                "bucket": "",
                "enabled": false,
                "prefix": ""
              }
            ],
            "arn": "arn:aws:elasticloadbalancing:us-east-1:106295460257:loadbalancer/app/my-alb/0988ea2f9c1ac3c9",
            "arn_suffix": "app/my-alb/0988ea2f9c1ac3c9",
            "client_keep_alive": 3600,
            "connection_logs": [
              {
                "bucket": "",
                "enabled": false,
                "prefix": ""
              }
            ],
            "customer_owned_ipv4_pool": "",
            "desync_mitigation_mode": "defensive",
            "dns_name": "my-alb-432080167.us-east-1.elb.amazonaws.com",
            "dns_record_client_routing_policy": null,
            "drop_invalid_header_fields": false,
            "enable_cross_zone_load_balancing": true,
            "enable_deletion_protection": false,
            "enable_http2": true,
            "enable_prefix_for_ipv6_source_nat": "off",
            "enable_tls_version_and_cipher_suite_headers": false,
            "enable_waf_fail_open": false,
            "enable_xff_client_port": false,
            "enable_zonal_shift": false,
            "enforce_security_group_inbound_rules_on_private_link_traffic": "",
            "health_check_logs": [
              {
                "bucket": "",
                "enabled": false,
                "prefix": ""
              }
            ],
            "id": "arn:aws:elasticloadbalancing:us-east-1:106295460257:loadbalancer/app/my-alb/0988ea2f9c1ac3c9",
            "idle_timeout": 60,
            "internal": false,
            "ip_address_type": "ipv4",
            "ipam_pools": [],
            "load_balancer_type": "application",
            "minimum_load_balancer_capacity": [],
            "name": "my-alb",
            "name_prefix": "",
            "preserve_host_header": false,
            "region": "us-east-1",
            "secondary_ips_auto_assigned_per_subnet": null,
            "security_groups": [
              "sg-054db35fd80c29141"
            ],
            "subnet_mapping": [
              {
                "allocation_id": "",
                "ipv6_address": "",
                "outpost_id": "",
                "private_ipv4_address": "",
                "subnet_id": "subnet-005a7474d84451e2d"
              },
              {
                "allocation_id": "",
                "ipv6_address": "",
                "outpost_id": "",
                "private_ipv4_address": "",
                "subnet_id": "subnet-091e0d61ff8bbf283"
              }
            ],
            "subnets": [
              "subnet-005a7474d84451e2d",
              "subnet-091e0d61ff8bbf283"
            ],
            "tags": {
              "Name": "my-alb"
            },
            "tags_all": {
              "Name": "my-alb"
            },
            "timeouts": null,
            "vpc_id": "vpc-099c29680cf34e711",
            "xff_header_processing_mode": "append",
            "zone_id": "Z35SXDOTRQ7X7K"
          },
          "sensitive_attributes": [],
          "identity_schema_version": 0,
          "identity": {
            "arn": "arn:aws:elasticloadbalancing:us-east-1:106295460257:loadbalancer/app/my-alb/0988ea2f9c1ac3c9"
          },
          "private": "eyJlMmJmYjczMC1lY2FhLTExZTYtOGY4OC0zNDM2M2JjN2M0YzAiOnsiY3JlYXRlIjo2MDAwMDAwMDAwMDAsImRlbGV0ZSI6NjAwMDAwMDAwMDAwLCJ1cGRhdGUiOjYwMDAwMDAwMDAwMH19",
          "dependencies": [
            "module.security_group.aws_security_group.SG",
            "module.vpc.aws_subnet.public",
            "module.vpc.aws_vpc.main"
          ]
        }
      ]
    },
    {
      "module": "module.alb",
      "mode": "managed",
      "type": "aws_lb_listener",
      "name": "http",
      "provider": "provider[\"registry.terraform.io/hashicorp/aws\"]",
      "instances": [
        {
          "schema_version": 0,
          "attributes": {
            "alpn_policy": null,
            "arn": "arn:aws:elasticloadbalancing:us-east-1:106295460257:listener/app/my-alb/0988ea2f9c1ac3c9/8347adb6ffba4a36",
            "certificate_arn": null,
            "default_action": [
              {
                "authenticate_cognito": [],
                "authenticate_oidc": [],
                "fixed_response": [],
                "forward": [],
                "jwt_validation": [],
                "order": 1,
                "redirect": [],
                "target_group_arn": "arn:aws:elasticloadbalancing:us-east-1:106295460257:targetgroup/my-target-group/cc50dcc8bb6433eb",
                "type": "forward"
              }
            ],
            "id": "arn:aws:elasticloadbalancing:us-east-1:106295460257:listener/app/my-alb/0988ea2f9c1ac3c9/8347adb6ffba4a36",
            "load_balancer_arn": "arn:aws:elasticloadbalancing:us-east-1:106295460257:loadbalancer/app/my-alb/0988ea2f9c1ac3c9",
            "mutual_authentication": [],
            "port": 80,
            "protocol": "HTTP",
            "region": "us-east-1",
            "routing_http_request_x_amzn_mtls_clientcert_header_name": null,
            "routing_http_request_x_amzn_mtls_clientcert_issuer_header_name": null,
            "routing_http_request_x_amzn_mtls_clientcert_leaf_header_name": null,
            "routing_http_request_x_amzn_mtls_clientcert_serial_number_header_name": null,
            "routing_http_request_x_amzn_mtls_clientcert_subject_header_name": null,
            "routing_http_request_x_amzn_mtls_clientcert_validity_header_name": null,
            "routing_http_request_x_amzn_tls_cipher_suite_header_name": null,
            "routing_http_request_x_amzn_tls_version_header_name": null,
            "routing_http_response_access_control_allow_credentials_header_value": "",
            "routing_http_response_access_control_allow_headers_header_value": "",
            "routing_http_response_access_control_allow_methods_header_value": "",
            "routing_http_response_access_control_allow_origin_header_value": "",
            "routing_http_response_access_control_expose_headers_header_value": "",
            "routing_http_response_access_control_max_age_header_value": "",
            "routing_http_response_content_security_policy_header_value": "",
            "routing_http_response_server_enabled": true,
            "routing_http_response_strict_transport_security_header_value": "",
            "routing_http_response_x_content_type_options_header_value": "",
            "routing_http_response_x_frame_options_header_value": "",
            "ssl_policy": "",
            "tags": {},
            "tags_all": {},
            "tcp_idle_timeout_seconds": null,
            "timeouts": null
          },
          "sensitive_attributes": [],
          "identity_schema_version": 0,
          "identity": {
            "arn": "arn:aws:elasticloadbalancing:us-east-1:106295460257:listener/app/my-alb/0988ea2f9c1ac3c9/8347adb6ffba4a36"
          },
          "private": "eyJlMmJmYjczMC1lY2FhLTExZTYtOGY4OC0zNDM2M2JjN2M0YzAiOnsiY3JlYXRlIjozMDAwMDAwMDAwMDAsInVwZGF0ZSI6MzAwMDAwMDAwMDAwfX0=",
          "dependencies": [
            "module.alb.aws_lb.alb",
            "module.alb.aws_lb_target_group.tg",
            "module.security_group.aws_security_group.SG",
            "module.vpc.aws_subnet.public",
            "module.vpc.aws_vpc.main"
          ]
        }
      ]
    },
    {
      "module": "module.alb",
      "mode": "managed",
      "type": "aws_lb_target_group",
      "name": "tg",
      "provider": "provider[\"registry.terraform.io/hashicorp/aws\"]",
      "instances": [
        {
          "schema_version": 0,
          "attributes": {
            "arn": "arn:aws:elasticloadbalancing:us-east-1:106295460257:targetgroup/my-target-group/cc50dcc8bb6433eb",
            "arn_suffix": "targetgroup/my-target-group/cc50dcc8bb6433eb",
            "connection_termination": null,
            "deregistration_delay": "300",
            "health_check": [
              {
                "enabled": true,
                "healthy_threshold": 3,
                "interval": 30,
                "matcher": "200",
                "path": "/",
                "port": "traffic-port",
                "protocol": "HTTP",
                "timeout": 5,
                "unhealthy_threshold": 3
              }
            ],
            "id": "arn:aws:elasticloadbalancing:us-east-1:106295460257:targetgroup/my-target-group/cc50dcc8bb6433eb",
            "ip_address_type": "ipv4",
            "lambda_multi_value_headers_enabled": false,
            "load_balancer_arns": [
              "arn:aws:elasticloadbalancing:us-east-1:106295460257:loadbalancer/app/my-alb/0988ea2f9c1ac3c9"
            ],
            "load_balancing_algorithm_type": "round_robin",
            "load_balancing_anomaly_mitigation": "off",
            "load_balancing_cross_zone_enabled": "use_load_balancer_configuration",
            "name": "my-target-group",
            "name_prefix": "",
            "port": 80,
            "preserve_client_ip": null,
            "protocol": "HTTP",
            "protocol_version": "HTTP1",
            "proxy_protocol_v2": false,
            "region": "us-east-1",
            "slow_start": 0,
            "stickiness": [
              {
                "cookie_duration": 86400,
                "cookie_name": "",
                "enabled": false,
                "type": "lb_cookie"
              }
            ],
            "tags": {
              "Name": "my-target-group"
            },
            "tags_all": {
              "Name": "my-target-group"
            },
            "target_control_port": 0,
            "target_failover": [
              {
                "on_deregistration": null,
                "on_unhealthy": null
              }
            ],
            "target_group_health": [
              {
                "dns_failover": [
                  {
                    "minimum_healthy_targets_count": "1",
                    "minimum_healthy_targets_percentage": "off"
                  }
                ],
                "unhealthy_state_routing": [
                  {
                    "minimum_healthy_targets_count": 1,
                    "minimum_healthy_targets_percentage": "off"
                  }
                ]
              }
            ],
            "target_health_state": [
              {
                "enable_unhealthy_connection_termination": null,
                "unhealthy_draining_interval": null
              }
            ],
            "target_type": "instance",
            "vpc_id": "vpc-099c29680cf34e711"
          },
          "sensitive_attributes": [],
          "identity_schema_version": 0,
          "identity": {
            "arn": "arn:aws:elasticloadbalancing:us-east-1:106295460257:targetgroup/my-target-group/cc50dcc8bb6433eb"
          },
          "private": "bnVsbA==",
          "dependencies": [
            "module.vpc.aws_vpc.main"
          ]
        }
      ]
    },
    {
      "module": "module.ec2",
      "mode": "managed",
      "type": "aws_instance",
      "name": "app",
      "provider": "provider[\"registry.terraform.io/hashicorp/aws\"]",
      "instances": [
        {
          "schema_version": 2,
          "attributes": {
            "ami": "ami-0c02fb55956c7d316",
            "arn": "arn:aws:ec2:us-east-1:106295460257:instance/i-0300b9f1db51bbcd7",
            "associate_public_ip_address": false,
            "availability_zone": "us-east-1a",
            "capacity_reservation_specification": [
              {
                "capacity_reservation_preference": "open",
                "capacity_reservation_target": []
              }
            ],
            "cpu_options": [
              {
                "amd_sev_snp": "",
                "core_count": 1,
                "nested_virtualization": "",
                "threads_per_core": 2
              }
            ],
            "credit_specification": [
              {
                "cpu_credits": "unlimited"
              }
            ],
            "disable_api_stop": false,
            "disable_api_termination": false,
            "ebs_block_device": [],
            "ebs_optimized": false,
            "enable_primary_ipv6": null,
            "enclave_options": [
              {
                "enabled": false
              }
            ],
            "ephemeral_block_device": [],
            "force_destroy": false,
            "get_password_data": false,
            "hibernation": false,
            "host_id": "",
            "host_resource_group_arn": null,
            "iam_instance_profile": "EC2-SSM-Profile",
            "id": "i-0300b9f1db51bbcd7",
            "instance_initiated_shutdown_behavior": "stop",
            "instance_lifecycle": "",
            "instance_market_options": [],
            "instance_state": "running",
            "instance_type": "t3.micro",
            "ipv6_address_count": 0,
            "ipv6_addresses": [],
            "key_name": "terraform-key",
            "launch_template": [],
            "maintenance_options": [
              {
                "auto_recovery": "default"
              }
            ],
            "metadata_options": [
              {
                "http_endpoint": "enabled",
                "http_protocol_ipv6": "disabled",
                "http_put_response_hop_limit": 1,
                "http_tokens": "optional",
                "instance_metadata_tags": "disabled"
              }
            ],
            "monitoring": false,
            "network_interface": [],
            "outpost_arn": "",
            "password_data": "",
            "placement_group": "",
            "placement_group_id": "",
            "placement_partition_number": 0,
            "primary_network_interface": [
              {
                "delete_on_termination": true,
                "network_interface_id": "eni-0ad4aeb2f2a02888d"
              }
            ],
            "primary_network_interface_id": "eni-0ad4aeb2f2a02888d",
            "private_dns": "ip-10-0-11-59.ec2.internal",
            "private_dns_name_options": [
              {
                "enable_resource_name_dns_a_record": false,
                "enable_resource_name_dns_aaaa_record": false,
                "hostname_type": "ip-name"
              }
            ],
            "private_ip": "10.0.11.59",
            "public_dns": "",
            "public_ip": "",
            "region": "us-east-1",
            "root_block_device": [
              {
                "delete_on_termination": true,
                "device_name": "/dev/xvda",
                "encrypted": false,
                "iops": 100,
                "kms_key_id": "",
                "tags": {},
                "tags_all": {},
                "throughput": 0,
                "volume_id": "vol-05c67d6b821123ca1",
                "volume_size": 8,
                "volume_type": "gp2"
              }
            ],
            "secondary_network_interface": [],
            "secondary_private_ips": [],
            "security_groups": [],
            "source_dest_check": true,
            "spot_instance_request_id": "",
            "subnet_id": "subnet-026fb2ffa1c53c469",
            "tags": {
              "Name": "application-server"
            },
            "tags_all": {
              "Name": "application-server"
            },
            "tenancy": "default",
            "timeouts": null,
            "user_data": "\r\n#!/bin/bash\r\nyum update -y\r\n\r\namazon-linux-extras install docker -y\r\n\r\nsystemctl enable docker\r\nsystemctl start docker\r\n\r\ncurl -L \"https://github.com/docker/compose/releases/latest/download/docker-compose-$(uname -s)-$(uname -m)\" \\\r\n-o /usr/local/bin/docker-compose\r\n\r\nchmod +x /usr/local/bin/docker-compose\r\n\r\nusermod -aG docker ec2-user\r\n\r\nmkdir /home/ec2-user/app\r\n\r\ncd /home/ec2-user/app\r\n\r\ndocker network create app-network\r\n",
            "user_data_base64": null,
            "user_data_replace_on_change": false,
            "volume_tags": null,
            "vpc_security_group_ids": [
              "sg-0b31bed9ced2e3cb6"
            ]
          },
          "sensitive_attributes": [],
          "identity_schema_version": 0,
          "identity": {
            "account_id": "106295460257",
            "id": "i-0300b9f1db51bbcd7",
            "region": "us-east-1"
          },
          "private": "eyJlMmJmYjczMC1lY2FhLTExZTYtOGY4OC0zNDM2M2JjN2M0YzAiOnsiY3JlYXRlIjo2MDAwMDAwMDAwMDAsImRlbGV0ZSI6MTIwMDAwMDAwMDAwMCwicmVhZCI6OTAwMDAwMDAwMDAwLCJ1cGRhdGUiOjYwMDAwMDAwMDAwMH0sInNjaGVtYV92ZXJzaW9uIjoiMiJ9",
          "dependencies": [
            "module.ec2.aws_key_pair.deployer",
            "module.ec2.tls_private_key.example",
            "module.iam.aws_iam_instance_profile.ssm_profile",
            "module.iam.aws_iam_role.ssm_role",
            "module.security_group.aws_security_group.SG",
            "module.vpc.aws_subnet.private_app",
            "module.vpc.aws_vpc.main"
          ]
        }
      ]
    },
    {
      "module": "module.ec2",
      "mode": "managed",
      "type": "aws_key_pair",
      "name": "deployer",
      "provider": "provider[\"registry.terraform.io/hashicorp/aws\"]",
      "instances": [
        {
          "schema_version": 1,
          "attributes": {
            "arn": "arn:aws:ec2:us-east-1:106295460257:key-pair/terraform-key",
            "fingerprint": "cb:4b:4f:d4:d2:06:c5:18:4d:61:ce:2c:7d:6c:11:ed",
            "id": "terraform-key",
            "key_name": "terraform-key",
            "key_name_prefix": "",
            "key_pair_id": "key-03b5a0f376e14c416",
            "key_type": "rsa",
            "public_key": "ssh-rsa AAAAB3NzaC1yc2EAAAADAQABAAACAQC2jCLBaaswkw01FDumOQFy9ZNYG1cFz8EMUNBumdJup3gdKHL+5cz/TWeUnb10PoOnAhZrfcshT5e7Jy1ksSYuuaa2qp/amNztxIH6x5OGKbQYKqDuL1oWJGNbxkvtcqus5DyEfG5491nSUdI4tCal82jVNdDocPDp0H3m7R6Wr3mYy6TVbyOgaAkL7nZACVxKRpkA//i1A9xjIHIyRDQokP4ywZIgPUWiVtbN9Lb5u+/7YQ+1XDihblqz5NCqiiVy3LnF84CzijmcYrNZoQ+WCJjJaNeJFDN6RtZfpZGI3+lHrAx2UuW+6hLioAwfW9Ox9B3ZwubdTqSI//bO1MYqtJlRqUUnwkISup98jfFMy3oYSGoC+ok5ymfFERmWfHfDXWhW4TWDxKgYq0ZUJjWjztzYXTiBCC5AxvAIPG77pzxmMrHAvo6eVkhYvD7YVB4CsNBap7GqaVCPEn1K8iTf8WkSGdJrkL9NtGmooeWVULuMGDnuehnldBCKOoxaV3QDfaGY5WYftaXCgTgsXK36gGblTf0ZI59kPnCJlxTQV0KgYxEdJpot7/h7UGDEbtb9De2mSjgjSoB2TEC7eF3TSSiA/DSu5PZ1fJPqj+3fYm5IBc3OaRU0SvVbUVYZK3toEiLO0sHxO2aF69VuWajwOo5MO7jNBsX6KQiHpPD7Dw==",
            "region": "us-east-1",
            "tags": {},
            "tags_all": {}
          },
          "sensitive_attributes": [],
          "identity_schema_version": 0,
          "private": "eyJzY2hlbWFfdmVyc2lvbiI6IjEifQ==",
          "dependencies": [
            "module.ec2.tls_private_key.example"
          ]
        }
      ]
    },
    {
      "module": "module.ec2",
      "mode": "managed",
      "type": "local_file",
      "name": "private_key",
      "provider": "provider[\"registry.terraform.io/hashicorp/local\"]",
      "instances": [
        {
          "schema_version": 0,
          "attributes": {
            "content": "-----BEGIN RSA PRIVATE KEY-----\nMIIJJwIBAAKCAgEAtowiwWmrMJMNNRQ7pjkBcvWTWBtXBc/BDFDQbpnSbqd4HShy\n/uXM/01nlJ29dD6DpwIWa33LIU+XuyctZLEmLrmmtqqf2pjc7cSB+seThim0GCqg\n7i9aFiRjW8ZL7XKrrOQ8hHxuePdZ0lHSOLQmpfNo1TXQ6HDw6dB95u0elq95mMuk\n1W8joGgJC+52QAlcSkaZAP/4tQPcYyByMkQ0KJD+MsGSID1FolbWzfS2+bvv+2EP\ntVw4oW5as+TQqoolcty5xfOAs4o5nGKzWaEPlgiYyWjXiRQzekbWX6WRiN/pR6wM\ndlLlvuoS4qAMH1vTsfQd2cLm3U6kiP/2ztTGKrSZUalFJ8JCErqffI3xTMt6GEhq\nAvqJOcpnxREZlnx3w11oVuE1g8SoGKtGVCY1o87c2F04gQguQMbwCDxu+6c8ZjKx\nwL6OnlZIWLw+2FQeArDQWqexqmlQjxJ9SvIk3/FpEhnSa5C/TbRpqKHllVC7jBg5\n7noZ5XQQijqMWld0A32hmOVmH7WlwoE4LFyt+oBm5U39GSOfZD5wiZcU0FdCoGMR\nHSaaLe/4e1BgxG7W/Q3tpko4I0qAdkxAu3hd00kogPw0ruT2dXyT6o/t32JuSAXN\nzmkVNEr1W1FWGSt7aBIiztLB8TtmhevVblmo8DqOTDu4zQbF+ikIh6Tw+w8CAwEA\nAQKCAgAx87/w+CbpqFu1Wh+GeVPtrsiOlBConPShF54pnbsJH5eNNwvct2p0tCwz\nbUSyAgdJlJco++exalPFWU+hHZ6qq4+0rZUHnsvZ3muJAcLbNB89e7DE7L00kOmF\nbApL5BSZP21V/azHOjxggpZJgPaQc76MlWjgqkMqYCyLm/hCWKsoBhXJd9uiYcWT\n98Fw/X69Lntg3Cqk8fUFRRQqsCIrtZ1xqyl+2/VpmmS2QBAv318ohSNkx+MRPZ7h\nWixFdn8P4tmNEvh1aM4h/ppAXQPkVN7mQmO0dYwumiLAUpC0CT2PKMPSPxXyO6BG\nVnBqxlhz+i6O77f3+DSq7owNhgjhoLOYeAu9rRZrzGzuWx4RTsK83SXU2Yg8jDbY\n0oyCzvT5bv/uqbXMFYNcj8i9BSvJKkd7WdPq3b/zxBRD/urgUGTXYYBcLIqWIAjK\n+ylJq4rs86l6C42ltPrYBwSgKj3YthPtgVg6ysLdWfRtvJKCP/FJO9yxMEf+1v5W\nLmsYqaCR10O9cbJZ9VXv7oRSpaZ04/1pyur7ycy6QP4RdKAmKr7JUZqzZx/nsAAJ\n6KwZytRqhJVnwmHghwIUycSwwrQAQzrnVhEv+pTuNLruBkIvyfVyKRgkea2I0QZX\nrjrHEQ0fk2YsIKD41jqgB/wi8vjTpErDC9T+BZ7A2+RbZGh35QKCAQEAwUs87yZe\nGBzssoIvwjQh3vt4Kb8zGX/2HdxhMCJw/jMiVJ0cPFcHh9ysKQy4IX+YyFCD3F7G\ngf0/nAfT8WgCHWxv1gffzimS++doa8UbpMmKEuEf0PiiAgnxiMH/mmXScEPrFfNA\nT7fxV9nQXqiVdX2M6ozLy+oJ9sN1nrFq0kL3ccCGzPXs+M96SJZJi43B4qIi45Nc\n4SPZOWeBNVbM+VIkVDRchCDcvV+VaXOnkVX+5R0al6oiUtQ4LxZ4U/UlKkYZ2axn\nw9zPuyTIcwYlP6WZW3AI5zJkV/YwiwLWCNVX//CB+ADRQSyFV4o6ZghEwPHVV3EJ\nLXQ+96/4ZsO1nQKCAQEA8cRq/uiGhIWmH4PVP9+8TW2X+kGTue+TTrzzyT/8ifDi\n9NxdJQJC4/oCVisQ6QNolwI3zmU4gzmOFu3FOzSNKLKUn6GRcXVCIaiFMhoKRY7r\niUeWwTqlT906+oBqJJPZqoE9LiTJNrZ91PBKcrLy5w+zWQQiLI2rsnG6naZfwteC\nALU3DA7DIiI2xU73scT5m3zGH1gd/To2gj5WEDk80WrXbS8P0gMjMNhonWcki9HQ\nC08z2GN3NzsEPP3NcIbCC5Fn4n6ZSPUJBXlJR9zXfYFMdARm8gl9ifzk+ew1A0Fd\ninzvvBGmhB24SDwARINDBC36gWlSBqGV7QewFfWJmwKCAQA2yayr3KQvEYPF1UDU\nOxKesYiNzLQfNjX8oMqrahe89aF1elLWh5SK3fGucPyAAjq8DJZTkEmT7sRo5Y8d\nje2LiYDpmbHGLeKLpDvk0CnVu4p3b3glM1Q4X7kmmlZo3ROY3qdzwU8pSWoPDJ4T\nNpWmh7+5e88ILX5Fg4GDSaaNko2woHGVBt/0Zlqy2GZgN/4Mzwg0mUBqUE7yBnSJ\nOeE/ihjiBTVz/hyTUNR4319PwqBNMMKo2oCAGccTEbtpkMLICLarDEMdMSlwUiy+\n7a8BK18cm9TqM05d4FpCDLu+JTqcQP+V3CVz47qn5XZIFW/ngKSH9HI1gA2ZBzfR\naQfBAoIBAGZrEfSIpquvPm+tVoJnkoqueapfa2hiMGIzs4a235HEBTE7xQ2vhoyz\nVZgRSGmdswn9u4xo3ubgU+wsr9fj7ESoWkPBmy6YQPqnPD28QEu1Ptx6Akg7Qtqx\nWpHSIqT6KUSM2VEZ7k+KQYYagT9TxYjS4uQ71wpOvcSrXyX33CtbRkxseDRYcJue\nKNuvF0ksq50N35RZrOKgbYUBSU44ISaJ/1bWj/oksBy6IJ9FmXrN2DdiRxFNGazB\nCIuZ7RTVUZC6+Wo+vUrl2vuBpOSXjoYxZyTi1IWGNbNl+c5SHScS4sCPKrPeOk9P\nk8it+mMLxDEaFTwLVN9QRoYSMqsqyC8CggEASd7fgYbFdx5MIPuBKzIyZF/YnLuy\nASpfT4kX1iGCq1/l/xhGiaAN7VGemDD2MS6o9q3FXvr3vCiuisU1UtyjYvamtk/o\nk/bhuyUZeLoU21uvbvTIo0eDlFLwML4XgFBqeBM+FjxD0ftRHFXBiEZy38DXFVOj\n32BpP1yN+uSwGErQitqEyptLfYAU5dgoHYDkYzmRLQqTcGJW69tx9HVSnPewdEmM\nwFXssBDwgq+W0AoV0vwnMi6dX9+mt8xRsV3uVDwGiBtYrnK4U0GPo9G8ILtdpgY3\nb1jYDTRxsLFPu0u9K2W4G1bJW2wi7f2GXaxYXH07jl+wpeuJ9WyJUoh3aQ==\n-----END RSA PRIVATE KEY-----\n",
            "content_base64": null,
            "content_base64sha256": "+5jCfP2qLSZSHGLtUzKxL8HDA/XMr7qE8d7EArrG+Xw=",
            "content_base64sha512": "vfiuS5vD8qdPzhNyNgJKXIrmwN9PAeda3U52dnJ/QdHct86Ybgl1nzRXCx3LXZpA4TfQAWPk4FXg6ZmVjY0jAw==",
            "content_md5": "c5ce52ba8a80b317eaa9b0c8ce39f0c2",
            "content_sha1": "1ff19083c3f8d1f07543a86ec06ffe661c670287",
            "content_sha256": "fb98c27cfdaa2d26521c62ed5332b12fc1c303f5ccafba84f1dec402bac6f97c",
            "content_sha512": "bdf8ae4b9bc3f2a74fce137236024a5c8ae6c0df4f01e75add4e7676727f41d1dcb7ce986e09759f34570b1dcb5d9a40e137d00163e4e055e0e999958d8d2303",
            "directory_permission": "0777",
            "file_permission": "0777",
            "filename": "terraform-key.pem",
            "id": "1ff19083c3f8d1f07543a86ec06ffe661c670287",
            "sensitive_content": null,
            "source": null
          },
          "sensitive_attributes": [
            [
              {
                "type": "get_attr",
                "value": "content"
              }
            ],
            [
              {
                "type": "get_attr",
                "value": "sensitive_content"
              }
            ]
          ],
          "identity_schema_version": 0,
          "dependencies": [
            "module.ec2.tls_private_key.example"
          ]
        }
      ]
    },
    {
      "module": "module.ec2",
      "mode": "managed",
      "type": "tls_private_key",
      "name": "example",
      "provider": "provider[\"registry.terraform.io/hashicorp/tls\"]",
      "instances": [
        {
          "schema_version": 1,
          "attributes": {
            "algorithm": "RSA",
            "ecdsa_curve": "P224",
            "id": "bfc20ed3d84fa5eacf278e14d94463bae9cff3f3",
            "private_key_openssh": "-----BEGIN OPENSSH PRIVATE KEY-----\nb3BlbnNzaC1rZXktdjEAAAAABG5vbmUAAAAEbm9uZQAAAAAAAAABAAACFwAAAAdz\nc2gtcnNhAAAAAwEAAQAAAgEAtowiwWmrMJMNNRQ7pjkBcvWTWBtXBc/BDFDQbpnS\nbqd4HShy/uXM/01nlJ29dD6DpwIWa33LIU+XuyctZLEmLrmmtqqf2pjc7cSB+seT\nhim0GCqg7i9aFiRjW8ZL7XKrrOQ8hHxuePdZ0lHSOLQmpfNo1TXQ6HDw6dB95u0e\nlq95mMuk1W8joGgJC+52QAlcSkaZAP/4tQPcYyByMkQ0KJD+MsGSID1FolbWzfS2\n+bvv+2EPtVw4oW5as+TQqoolcty5xfOAs4o5nGKzWaEPlgiYyWjXiRQzekbWX6WR\niN/pR6wMdlLlvuoS4qAMH1vTsfQd2cLm3U6kiP/2ztTGKrSZUalFJ8JCErqffI3x\nTMt6GEhqAvqJOcpnxREZlnx3w11oVuE1g8SoGKtGVCY1o87c2F04gQguQMbwCDxu\n+6c8ZjKxwL6OnlZIWLw+2FQeArDQWqexqmlQjxJ9SvIk3/FpEhnSa5C/TbRpqKHl\nlVC7jBg57noZ5XQQijqMWld0A32hmOVmH7WlwoE4LFyt+oBm5U39GSOfZD5wiZcU\n0FdCoGMRHSaaLe/4e1BgxG7W/Q3tpko4I0qAdkxAu3hd00kogPw0ruT2dXyT6o/t\n32JuSAXNzmkVNEr1W1FWGSt7aBIiztLB8TtmhevVblmo8DqOTDu4zQbF+ikIh6Tw\n+w8AAAc4x9khZMfZIWQAAAAHc3NoLXJzYQAAAgEAtowiwWmrMJMNNRQ7pjkBcvWT\nWBtXBc/BDFDQbpnSbqd4HShy/uXM/01nlJ29dD6DpwIWa33LIU+XuyctZLEmLrmm\ntqqf2pjc7cSB+seThim0GCqg7i9aFiRjW8ZL7XKrrOQ8hHxuePdZ0lHSOLQmpfNo\n1TXQ6HDw6dB95u0elq95mMuk1W8joGgJC+52QAlcSkaZAP/4tQPcYyByMkQ0KJD+\nMsGSID1FolbWzfS2+bvv+2EPtVw4oW5as+TQqoolcty5xfOAs4o5nGKzWaEPlgiY\nyWjXiRQzekbWX6WRiN/pR6wMdlLlvuoS4qAMH1vTsfQd2cLm3U6kiP/2ztTGKrSZ\nUalFJ8JCErqffI3xTMt6GEhqAvqJOcpnxREZlnx3w11oVuE1g8SoGKtGVCY1o87c\n2F04gQguQMbwCDxu+6c8ZjKxwL6OnlZIWLw+2FQeArDQWqexqmlQjxJ9SvIk3/Fp\nEhnSa5C/TbRpqKHllVC7jBg57noZ5XQQijqMWld0A32hmOVmH7WlwoE4LFyt+oBm\n5U39GSOfZD5wiZcU0FdCoGMRHSaaLe/4e1BgxG7W/Q3tpko4I0qAdkxAu3hd00ko\ngPw0ruT2dXyT6o/t32JuSAXNzmkVNEr1W1FWGSt7aBIiztLB8TtmhevVblmo8DqO\nTDu4zQbF+ikIh6Tw+w8AAAADAQABAAACADHzv/D4JumoW7VaH4Z5U+2uyI6UEKic\n9KEXnimduwkfl403C9y3anS0LDNtRLICB0mUlyj757FqU8VZT6Ednqqrj7StlQee\ny9nea4kBwts0Hz17sMTsvTSQ6YVsCkvkFJk/bVX9rMc6PGCClkmA9pBzvoyVaOCq\nQypgLIub+EJYqygGFcl326JhxZP3wXD9fr0ue2DcKqTx9QVFFCqwIiu1nXGrKX7b\n9WmaZLZAEC/fXyiFI2TH4xE9nuFaLEV2fw/i2Y0S+HVoziH+mkBdA+RU3uZCY7R1\njC6aIsBSkLQJPY8ow9I/FfI7oEZWcGrGWHP6Lo7vt/f4NKrujA2GCOGgs5h4C72t\nFmvMbO5bHhFOwrzdJdTZiDyMNtjSjILO9Plu/+6ptcwVg1yPyL0FK8kqR3tZ0+rd\nv/PEFEP+6uBQZNdhgFwsipYgCMr7KUmriuzzqXoLjaW0+tgHBKAqPdi2E+2BWDrK\nwt1Z9G28koI/8Uk73LEwR/7W/lYuaxipoJHXQ71xsln1Ve/uhFKlpnTj/WnK6vvJ\nzLpA/hF0oCYqvslRmrNnH+ewAAnorBnK1GqElWfCYeCHAhTJxLDCtABDOudWES/6\nlO40uu4GQi/J9XIpGCR5rYjRBleuOscRDR+TZiwgoPjWOqAH/CLy+NOkSsML1P4F\nnsDb5FtkaHflAAABAEne34GGxXceTCD7gSsyMmRf2Jy7sgEqX0+JF9Yhgqtf5f8Y\nRomgDe1Rnpgw9jEuqPatxV7697wororFNVLco2L2prZP6JP24bslGXi6FNtbr270\nyKNHg5RS8DC+F4BQangTPhY8Q9H7URxVwYhGct/A1xVTo99gaT9cjfrksBhK0Ira\nhMqbS32AFOXYKB2A5GM5kS0Kk3BiVuvbcfR1Upz3sHRJjMBV7LAQ8IKvltAKFdL8\nJzIunV/fprfMUbFd7lQ8BogbWK5yuFNBj6PRvCC7XaYGN29Y2A00cbCxT7tLvStl\nuBtWyVtsIu39hl2sWFx9O45fsKXrifVsiVKId2kAAAEBAMFLPO8mXhgc7LKCL8I0\nId77eCm/Mxl/9h3cYTAicP4zIlSdHDxXB4fcrCkMuCF/mMhQg9xexoH9P5wH0/Fo\nAh1sb9YH384pkvvnaGvFG6TJihLhH9D4ogIJ8YjB/5pl0nBD6xXzQE+38VfZ0F6o\nlXV9jOqMy8vqCfbDdZ6xatJC93HAhsz17PjPekiWSYuNweKiIuOTXOEj2TlngTVW\nzPlSJFQ0XIQg3L1flWlzp5FV/uUdGpeqIlLUOC8WeFP1JSpGGdmsZ8Pcz7skyHMG\nJT+lmVtwCOcyZFf2MIsC1gjVV//wgfgA0UEshVeKOmYIRMDx1VdxCS10Pvev+GbD\ntZ0AAAEBAPHEav7ohoSFph+D1T/fvE1tl/pBk7nvk06888k//Inw4vTcXSUCQuP6\nAlYrEOkDaJcCN85lOIM5jhbtxTs0jSiylJ+hkXF1QiGohTIaCkWO64lHlsE6pU/d\nOvqAaiST2aqBPS4kyTa2fdTwSnKy8ucPs1kEIiyNq7Jxup2mX8LXggC1NwwOwyIi\nNsVO97HE+Zt8xh9YHf06NoI+VhA5PNFq120vD9IDIzDYaJ1nJIvR0AtPM9hjdzc7\nBDz9zXCGwguRZ+J+mUj1CQV5SUfc132BTHQEZvIJfYn85PnsNQNBXYp877wRpoQd\nuEg8AESDQwQt+oFpUgahle0HsBX1iZsAAAAAAQID\n-----END OPENSSH PRIVATE KEY-----\n",
            "private_key_pem": "-----BEGIN RSA PRIVATE KEY-----\nMIIJJwIBAAKCAgEAtowiwWmrMJMNNRQ7pjkBcvWTWBtXBc/BDFDQbpnSbqd4HShy\n/uXM/01nlJ29dD6DpwIWa33LIU+XuyctZLEmLrmmtqqf2pjc7cSB+seThim0GCqg\n7i9aFiRjW8ZL7XKrrOQ8hHxuePdZ0lHSOLQmpfNo1TXQ6HDw6dB95u0elq95mMuk\n1W8joGgJC+52QAlcSkaZAP/4tQPcYyByMkQ0KJD+MsGSID1FolbWzfS2+bvv+2EP\ntVw4oW5as+TQqoolcty5xfOAs4o5nGKzWaEPlgiYyWjXiRQzekbWX6WRiN/pR6wM\ndlLlvuoS4qAMH1vTsfQd2cLm3U6kiP/2ztTGKrSZUalFJ8JCErqffI3xTMt6GEhq\nAvqJOcpnxREZlnx3w11oVuE1g8SoGKtGVCY1o87c2F04gQguQMbwCDxu+6c8ZjKx\nwL6OnlZIWLw+2FQeArDQWqexqmlQjxJ9SvIk3/FpEhnSa5C/TbRpqKHllVC7jBg5\n7noZ5XQQijqMWld0A32hmOVmH7WlwoE4LFyt+oBm5U39GSOfZD5wiZcU0FdCoGMR\nHSaaLe/4e1BgxG7W/Q3tpko4I0qAdkxAu3hd00kogPw0ruT2dXyT6o/t32JuSAXN\nzmkVNEr1W1FWGSt7aBIiztLB8TtmhevVblmo8DqOTDu4zQbF+ikIh6Tw+w8CAwEA\nAQKCAgAx87/w+CbpqFu1Wh+GeVPtrsiOlBConPShF54pnbsJH5eNNwvct2p0tCwz\nbUSyAgdJlJco++exalPFWU+hHZ6qq4+0rZUHnsvZ3muJAcLbNB89e7DE7L00kOmF\nbApL5BSZP21V/azHOjxggpZJgPaQc76MlWjgqkMqYCyLm/hCWKsoBhXJd9uiYcWT\n98Fw/X69Lntg3Cqk8fUFRRQqsCIrtZ1xqyl+2/VpmmS2QBAv318ohSNkx+MRPZ7h\nWixFdn8P4tmNEvh1aM4h/ppAXQPkVN7mQmO0dYwumiLAUpC0CT2PKMPSPxXyO6BG\nVnBqxlhz+i6O77f3+DSq7owNhgjhoLOYeAu9rRZrzGzuWx4RTsK83SXU2Yg8jDbY\n0oyCzvT5bv/uqbXMFYNcj8i9BSvJKkd7WdPq3b/zxBRD/urgUGTXYYBcLIqWIAjK\n+ylJq4rs86l6C42ltPrYBwSgKj3YthPtgVg6ysLdWfRtvJKCP/FJO9yxMEf+1v5W\nLmsYqaCR10O9cbJZ9VXv7oRSpaZ04/1pyur7ycy6QP4RdKAmKr7JUZqzZx/nsAAJ\n6KwZytRqhJVnwmHghwIUycSwwrQAQzrnVhEv+pTuNLruBkIvyfVyKRgkea2I0QZX\nrjrHEQ0fk2YsIKD41jqgB/wi8vjTpErDC9T+BZ7A2+RbZGh35QKCAQEAwUs87yZe\nGBzssoIvwjQh3vt4Kb8zGX/2HdxhMCJw/jMiVJ0cPFcHh9ysKQy4IX+YyFCD3F7G\ngf0/nAfT8WgCHWxv1gffzimS++doa8UbpMmKEuEf0PiiAgnxiMH/mmXScEPrFfNA\nT7fxV9nQXqiVdX2M6ozLy+oJ9sN1nrFq0kL3ccCGzPXs+M96SJZJi43B4qIi45Nc\n4SPZOWeBNVbM+VIkVDRchCDcvV+VaXOnkVX+5R0al6oiUtQ4LxZ4U/UlKkYZ2axn\nw9zPuyTIcwYlP6WZW3AI5zJkV/YwiwLWCNVX//CB+ADRQSyFV4o6ZghEwPHVV3EJ\nLXQ+96/4ZsO1nQKCAQEA8cRq/uiGhIWmH4PVP9+8TW2X+kGTue+TTrzzyT/8ifDi\n9NxdJQJC4/oCVisQ6QNolwI3zmU4gzmOFu3FOzSNKLKUn6GRcXVCIaiFMhoKRY7r\niUeWwTqlT906+oBqJJPZqoE9LiTJNrZ91PBKcrLy5w+zWQQiLI2rsnG6naZfwteC\nALU3DA7DIiI2xU73scT5m3zGH1gd/To2gj5WEDk80WrXbS8P0gMjMNhonWcki9HQ\nC08z2GN3NzsEPP3NcIbCC5Fn4n6ZSPUJBXlJR9zXfYFMdARm8gl9ifzk+ew1A0Fd\ninzvvBGmhB24SDwARINDBC36gWlSBqGV7QewFfWJmwKCAQA2yayr3KQvEYPF1UDU\nOxKesYiNzLQfNjX8oMqrahe89aF1elLWh5SK3fGucPyAAjq8DJZTkEmT7sRo5Y8d\nje2LiYDpmbHGLeKLpDvk0CnVu4p3b3glM1Q4X7kmmlZo3ROY3qdzwU8pSWoPDJ4T\nNpWmh7+5e88ILX5Fg4GDSaaNko2woHGVBt/0Zlqy2GZgN/4Mzwg0mUBqUE7yBnSJ\nOeE/ihjiBTVz/hyTUNR4319PwqBNMMKo2oCAGccTEbtpkMLICLarDEMdMSlwUiy+\n7a8BK18cm9TqM05d4FpCDLu+JTqcQP+V3CVz47qn5XZIFW/ngKSH9HI1gA2ZBzfR\naQfBAoIBAGZrEfSIpquvPm+tVoJnkoqueapfa2hiMGIzs4a235HEBTE7xQ2vhoyz\nVZgRSGmdswn9u4xo3ubgU+wsr9fj7ESoWkPBmy6YQPqnPD28QEu1Ptx6Akg7Qtqx\nWpHSIqT6KUSM2VEZ7k+KQYYagT9TxYjS4uQ71wpOvcSrXyX33CtbRkxseDRYcJue\nKNuvF0ksq50N35RZrOKgbYUBSU44ISaJ/1bWj/oksBy6IJ9FmXrN2DdiRxFNGazB\nCIuZ7RTVUZC6+Wo+vUrl2vuBpOSXjoYxZyTi1IWGNbNl+c5SHScS4sCPKrPeOk9P\nk8it+mMLxDEaFTwLVN9QRoYSMqsqyC8CggEASd7fgYbFdx5MIPuBKzIyZF/YnLuy\nASpfT4kX1iGCq1/l/xhGiaAN7VGemDD2MS6o9q3FXvr3vCiuisU1UtyjYvamtk/o\nk/bhuyUZeLoU21uvbvTIo0eDlFLwML4XgFBqeBM+FjxD0ftRHFXBiEZy38DXFVOj\n32BpP1yN+uSwGErQitqEyptLfYAU5dgoHYDkYzmRLQqTcGJW69tx9HVSnPewdEmM\nwFXssBDwgq+W0AoV0vwnMi6dX9+mt8xRsV3uVDwGiBtYrnK4U0GPo9G8ILtdpgY3\nb1jYDTRxsLFPu0u9K2W4G1bJW2wi7f2GXaxYXH07jl+wpeuJ9WyJUoh3aQ==\n-----END RSA PRIVATE KEY-----\n",
            "private_key_pem_pkcs8": "-----BEGIN PRIVATE KEY-----\nMIIJQQIBADANBgkqhkiG9w0BAQEFAASCCSswggknAgEAAoICAQC2jCLBaaswkw01\nFDumOQFy9ZNYG1cFz8EMUNBumdJup3gdKHL+5cz/TWeUnb10PoOnAhZrfcshT5e7\nJy1ksSYuuaa2qp/amNztxIH6x5OGKbQYKqDuL1oWJGNbxkvtcqus5DyEfG5491nS\nUdI4tCal82jVNdDocPDp0H3m7R6Wr3mYy6TVbyOgaAkL7nZACVxKRpkA//i1A9xj\nIHIyRDQokP4ywZIgPUWiVtbN9Lb5u+/7YQ+1XDihblqz5NCqiiVy3LnF84Czijmc\nYrNZoQ+WCJjJaNeJFDN6RtZfpZGI3+lHrAx2UuW+6hLioAwfW9Ox9B3ZwubdTqSI\n//bO1MYqtJlRqUUnwkISup98jfFMy3oYSGoC+ok5ymfFERmWfHfDXWhW4TWDxKgY\nq0ZUJjWjztzYXTiBCC5AxvAIPG77pzxmMrHAvo6eVkhYvD7YVB4CsNBap7GqaVCP\nEn1K8iTf8WkSGdJrkL9NtGmooeWVULuMGDnuehnldBCKOoxaV3QDfaGY5WYftaXC\ngTgsXK36gGblTf0ZI59kPnCJlxTQV0KgYxEdJpot7/h7UGDEbtb9De2mSjgjSoB2\nTEC7eF3TSSiA/DSu5PZ1fJPqj+3fYm5IBc3OaRU0SvVbUVYZK3toEiLO0sHxO2aF\n69VuWajwOo5MO7jNBsX6KQiHpPD7DwIDAQABAoICADHzv/D4JumoW7VaH4Z5U+2u\nyI6UEKic9KEXnimduwkfl403C9y3anS0LDNtRLICB0mUlyj757FqU8VZT6Ednqqr\nj7StlQeey9nea4kBwts0Hz17sMTsvTSQ6YVsCkvkFJk/bVX9rMc6PGCClkmA9pBz\nvoyVaOCqQypgLIub+EJYqygGFcl326JhxZP3wXD9fr0ue2DcKqTx9QVFFCqwIiu1\nnXGrKX7b9WmaZLZAEC/fXyiFI2TH4xE9nuFaLEV2fw/i2Y0S+HVoziH+mkBdA+RU\n3uZCY7R1jC6aIsBSkLQJPY8ow9I/FfI7oEZWcGrGWHP6Lo7vt/f4NKrujA2GCOGg\ns5h4C72tFmvMbO5bHhFOwrzdJdTZiDyMNtjSjILO9Plu/+6ptcwVg1yPyL0FK8kq\nR3tZ0+rdv/PEFEP+6uBQZNdhgFwsipYgCMr7KUmriuzzqXoLjaW0+tgHBKAqPdi2\nE+2BWDrKwt1Z9G28koI/8Uk73LEwR/7W/lYuaxipoJHXQ71xsln1Ve/uhFKlpnTj\n/WnK6vvJzLpA/hF0oCYqvslRmrNnH+ewAAnorBnK1GqElWfCYeCHAhTJxLDCtABD\nOudWES/6lO40uu4GQi/J9XIpGCR5rYjRBleuOscRDR+TZiwgoPjWOqAH/CLy+NOk\nSsML1P4FnsDb5FtkaHflAoIBAQDBSzzvJl4YHOyygi/CNCHe+3gpvzMZf/Yd3GEw\nInD+MyJUnRw8VweH3KwpDLghf5jIUIPcXsaB/T+cB9PxaAIdbG/WB9/OKZL752hr\nxRukyYoS4R/Q+KICCfGIwf+aZdJwQ+sV80BPt/FX2dBeqJV1fYzqjMvL6gn2w3We\nsWrSQvdxwIbM9ez4z3pIlkmLjcHioiLjk1zhI9k5Z4E1Vsz5UiRUNFyEINy9X5Vp\nc6eRVf7lHRqXqiJS1DgvFnhT9SUqRhnZrGfD3M+7JMhzBiU/pZlbcAjnMmRX9jCL\nAtYI1Vf/8IH4ANFBLIVXijpmCETA8dVXcQktdD73r/hmw7WdAoIBAQDxxGr+6IaE\nhaYfg9U/37xNbZf6QZO575NOvPPJP/yJ8OL03F0lAkLj+gJWKxDpA2iXAjfOZTiD\nOY4W7cU7NI0ospSfoZFxdUIhqIUyGgpFjuuJR5bBOqVP3Tr6gGokk9mqgT0uJMk2\ntn3U8EpysvLnD7NZBCIsjauycbqdpl/C14IAtTcMDsMiIjbFTvexxPmbfMYfWB39\nOjaCPlYQOTzRatdtLw/SAyMw2GidZySL0dALTzPYY3c3OwQ8/c1whsILkWfifplI\n9QkFeUlH3Nd9gUx0BGbyCX2J/OT57DUDQV2KfO+8EaaEHbhIPABEg0MELfqBaVIG\noZXtB7AV9YmbAoIBADbJrKvcpC8Rg8XVQNQ7Ep6xiI3MtB82NfygyqtqF7z1oXV6\nUtaHlIrd8a5w/IACOrwMllOQSZPuxGjljx2N7YuJgOmZscYt4oukO+TQKdW7indv\neCUzVDhfuSaaVmjdE5jep3PBTylJag8MnhM2laaHv7l7zwgtfkWDgYNJpo2SjbCg\ncZUG3/RmWrLYZmA3/gzPCDSZQGpQTvIGdIk54T+KGOIFNXP+HJNQ1HjfX0/CoE0w\nwqjagIAZxxMRu2mQwsgItqsMQx0xKXBSLL7trwErXxyb1OozTl3gWkIMu74lOpxA\n/5XcJXPjuqfldkgVb+eApIf0cjWADZkHN9FpB8ECggEAZmsR9Iimq68+b61WgmeS\niq55ql9raGIwYjOzhrbfkcQFMTvFDa+GjLNVmBFIaZ2zCf27jGje5uBT7Cyv1+Ps\nRKhaQ8GbLphA+qc8PbxAS7U+3HoCSDtC2rFakdIipPopRIzZURnuT4pBhhqBP1PF\niNLi5DvXCk69xKtfJffcK1tGTGx4NFhwm54o268XSSyrnQ3flFms4qBthQFJTjgh\nJon/VtaP+iSwHLogn0WZes3YN2JHEU0ZrMEIi5ntFNVRkLr5aj69SuXa+4Gk5JeO\nhjFnJOLUhYY1s2X5zlIdJxLiwI8qs946T0+TyK36YwvEMRoVPAtU31BGhhIyqyrI\nLwKCAQBJ3t+BhsV3Hkwg+4ErMjJkX9icu7IBKl9PiRfWIYKrX+X/GEaJoA3tUZ6Y\nMPYxLqj2rcVe+ve8KK6KxTVS3KNi9qa2T+iT9uG7JRl4uhTbW69u9MijR4OUUvAw\nvheAUGp4Ez4WPEPR+1EcVcGIRnLfwNcVU6PfYGk/XI365LAYStCK2oTKm0t9gBTl\n2CgdgORjOZEtCpNwYlbr23H0dVKc97B0SYzAVeywEPCCr5bQChXS/CcyLp1f36a3\nzFGxXe5UPAaIG1iucrhTQY+j0bwgu12mBjdvWNgNNHGwsU+7S70rZbgbVslbbCLt\n/YZdrFhcfTuOX7Cl64n1bIlSiHdp\n-----END PRIVATE KEY-----\n",
            "public_key_fingerprint_md5": "fa:5a:8b:f6:bf:73:3e:2b:48:12:f6:fa:5b:bf:a5:a3",
            "public_key_fingerprint_sha256": "SHA256:yNiFIvPJx15qqQ131G6u4gA2O6fayIp0ifWY5cjLhxQ",
            "public_key_openssh": "ssh-rsa AAAAB3NzaC1yc2EAAAADAQABAAACAQC2jCLBaaswkw01FDumOQFy9ZNYG1cFz8EMUNBumdJup3gdKHL+5cz/TWeUnb10PoOnAhZrfcshT5e7Jy1ksSYuuaa2qp/amNztxIH6x5OGKbQYKqDuL1oWJGNbxkvtcqus5DyEfG5491nSUdI4tCal82jVNdDocPDp0H3m7R6Wr3mYy6TVbyOgaAkL7nZACVxKRpkA//i1A9xjIHIyRDQokP4ywZIgPUWiVtbN9Lb5u+/7YQ+1XDihblqz5NCqiiVy3LnF84CzijmcYrNZoQ+WCJjJaNeJFDN6RtZfpZGI3+lHrAx2UuW+6hLioAwfW9Ox9B3ZwubdTqSI//bO1MYqtJlRqUUnwkISup98jfFMy3oYSGoC+ok5ymfFERmWfHfDXWhW4TWDxKgYq0ZUJjWjztzYXTiBCC5AxvAIPG77pzxmMrHAvo6eVkhYvD7YVB4CsNBap7GqaVCPEn1K8iTf8WkSGdJrkL9NtGmooeWVULuMGDnuehnldBCKOoxaV3QDfaGY5WYftaXCgTgsXK36gGblTf0ZI59kPnCJlxTQV0KgYxEdJpot7/h7UGDEbtb9De2mSjgjSoB2TEC7eF3TSSiA/DSu5PZ1fJPqj+3fYm5IBc3OaRU0SvVbUVYZK3toEiLO0sHxO2aF69VuWajwOo5MO7jNBsX6KQiHpPD7Dw==\n",
            "public_key_pem": "-----BEGIN PUBLIC KEY-----\nMIICIjANBgkqhkiG9w0BAQEFAAOCAg8AMIICCgKCAgEAtowiwWmrMJMNNRQ7pjkB\ncvWTWBtXBc/BDFDQbpnSbqd4HShy/uXM/01nlJ29dD6DpwIWa33LIU+XuyctZLEm\nLrmmtqqf2pjc7cSB+seThim0GCqg7i9aFiRjW8ZL7XKrrOQ8hHxuePdZ0lHSOLQm\npfNo1TXQ6HDw6dB95u0elq95mMuk1W8joGgJC+52QAlcSkaZAP/4tQPcYyByMkQ0\nKJD+MsGSID1FolbWzfS2+bvv+2EPtVw4oW5as+TQqoolcty5xfOAs4o5nGKzWaEP\nlgiYyWjXiRQzekbWX6WRiN/pR6wMdlLlvuoS4qAMH1vTsfQd2cLm3U6kiP/2ztTG\nKrSZUalFJ8JCErqffI3xTMt6GEhqAvqJOcpnxREZlnx3w11oVuE1g8SoGKtGVCY1\no87c2F04gQguQMbwCDxu+6c8ZjKxwL6OnlZIWLw+2FQeArDQWqexqmlQjxJ9SvIk\n3/FpEhnSa5C/TbRpqKHllVC7jBg57noZ5XQQijqMWld0A32hmOVmH7WlwoE4LFyt\n+oBm5U39GSOfZD5wiZcU0FdCoGMRHSaaLe/4e1BgxG7W/Q3tpko4I0qAdkxAu3hd\n00kogPw0ruT2dXyT6o/t32JuSAXNzmkVNEr1W1FWGSt7aBIiztLB8TtmhevVblmo\n8DqOTDu4zQbF+ikIh6Tw+w8CAwEAAQ==\n-----END PUBLIC KEY-----\n",
            "rsa_bits": 4096
          },
          "sensitive_attributes": [
            [
              {
                "type": "get_attr",
                "value": "private_key_openssh"
              }
            ],
            [
              {
                "type": "get_attr",
                "value": "private_key_pem"
              }
            ],
            [
              {
                "type": "get_attr",
                "value": "private_key_pem_pkcs8"
              }
            ]
          ],
          "identity_schema_version": 0
        }
      ]
    },
    {
      "module": "module.iam",
      "mode": "managed",
      "type": "aws_iam_instance_profile",
      "name": "ssm_profile",
      "provider": "provider[\"registry.terraform.io/hashicorp/aws\"]",
      "instances": [
        {
          "schema_version": 0,
          "attributes": {
            "arn": "arn:aws:iam::106295460257:instance-profile/EC2-SSM-Profile",
            "create_date": "2026-07-29T09:59:29Z",
            "id": "EC2-SSM-Profile",
            "name": "EC2-SSM-Profile",
            "name_prefix": "",
            "path": "/",
            "role": "EC2-SSM-Role",
            "tags": {},
            "tags_all": {},
            "unique_id": "AIPARRP5UAGQXLAAFU72C"
          },
          "sensitive_attributes": [],
          "identity_schema_version": 0,
          "identity": {
            "account_id": "106295460257",
            "name": "EC2-SSM-Profile"
          },
          "private": "bnVsbA==",
          "dependencies": [
            "module.iam.aws_iam_role.ssm_role"
          ]
        }
      ]
    },
    {
      "module": "module.iam",
      "mode": "managed",
      "type": "aws_iam_role",
      "name": "ssm_role",
      "provider": "provider[\"registry.terraform.io/hashicorp/aws\"]",
      "instances": [
        {
          "schema_version": 0,
          "attributes": {
            "arn": "arn:aws:iam::106295460257:role/EC2-SSM-Role",
            "assume_role_policy": "{\"Statement\":[{\"Action\":\"sts:AssumeRole\",\"Effect\":\"Allow\",\"Principal\":{\"Service\":\"ec2.amazonaws.com\"}}],\"Version\":\"2012-10-17\"}",
            "create_date": "2026-07-29T09:59:28Z",
            "description": "",
            "force_detach_policies": false,
            "id": "EC2-SSM-Role",
            "inline_policy": [],
            "managed_policy_arns": [
              "arn:aws:iam::aws:policy/AmazonSSMManagedInstanceCore"
            ],
            "max_session_duration": 3600,
            "name": "EC2-SSM-Role",
            "name_prefix": "",
            "path": "/",
            "permissions_boundary": "",
            "tags": {
              "Name": "EC2-SSM-Role"
            },
            "tags_all": {
              "Name": "EC2-SSM-Role"
            },
            "unique_id": "AROARRP5UAGQTAX5ABXSL"
          },
          "sensitive_attributes": [],
          "identity_schema_version": 0,
          "identity": {
            "account_id": "106295460257",
            "name": "EC2-SSM-Role"
          },
          "private": "bnVsbA=="
        }
      ]
    },
    {
      "module": "module.iam",
      "mode": "managed",
      "type": "aws_iam_role_policy_attachment",
      "name": "ssm_policy",
      "provider": "provider[\"registry.terraform.io/hashicorp/aws\"]",
      "instances": [
        {
          "schema_version": 0,
          "attributes": {
            "id": "EC2-SSM-Role/arn:aws:iam::aws:policy/AmazonSSMManagedInstanceCore",
            "policy_arn": "arn:aws:iam::aws:policy/AmazonSSMManagedInstanceCore",
            "role": "EC2-SSM-Role"
          },
          "sensitive_attributes": [],
          "identity_schema_version": 0,
          "identity": {
            "account_id": "106295460257",
            "policy_arn": "arn:aws:iam::aws:policy/AmazonSSMManagedInstanceCore",
            "role": "EC2-SSM-Role"
          },
          "private": "bnVsbA==",
          "dependencies": [
            "module.iam.aws_iam_role.ssm_role"
          ]
        }
      ]
    },
    {
      "module": "module.rds",
      "mode": "managed",
      "type": "aws_db_instance",
      "name": "rds",
      "provider": "provider[\"registry.terraform.io/hashicorp/aws\"]",
      "instances": [
        {
          "schema_version": 2,
          "attributes": {
            "address": "my-rds.c214w64cecep.us-east-1.rds.amazonaws.com",
            "allocated_storage": 20,
            "allow_major_version_upgrade": null,
            "apply_immediately": false,
            "arn": "arn:aws:rds:us-east-1:106295460257:db:my-rds",
            "auto_minor_version_upgrade": true,
            "availability_zone": "us-east-1b",
            "backup_retention_period": 0,
            "backup_target": "region",
            "backup_window": "05:54-06:24",
            "blue_green_update": [],
            "ca_cert_identifier": "rds-ca-rsa2048-g1",
            "character_set_name": "",
            "copy_tags_to_snapshot": false,
            "custom_iam_instance_profile": "",
            "customer_owned_ip_enabled": false,
            "database_insights_mode": "standard",
            "db_name": "mydatabase",
            "db_subnet_group_name": "my-db-subnet-group",
            "dedicated_log_volume": false,
            "delete_automated_backups": true,
            "deletion_protection": false,
            "domain": "",
            "domain_auth_secret_arn": "",
            "domain_dns_ips": [],
            "domain_fqdn": "",
            "domain_iam_role_name": "",
            "domain_ou": "",
            "enabled_cloudwatch_logs_exports": [],
            "endpoint": "my-rds.c214w64cecep.us-east-1.rds.amazonaws.com:3306",
            "engine": "mysql",
            "engine_lifecycle_support": "open-source-rds-extended-support",
            "engine_version": "8.0",
            "engine_version_actual": "8.0.46",
            "final_snapshot_identifier": null,
            "hosted_zone_id": "Z2R2ITUGPM61AM",
            "iam_database_authentication_enabled": false,
            "id": "db-ZHTAXQWRRVBVF3CBQX7C7H776Q",
            "identifier": "my-rds",
            "identifier_prefix": "",
            "instance_class": "db.t3.micro",
            "iops": 0,
            "kms_key_id": "",
            "latest_restorable_time": "",
            "license_model": "general-public-license",
            "listener_endpoint": [],
            "maintenance_window": "sat:03:24-sat:03:54",
            "manage_master_user_password": null,
            "master_user_secret": [],
            "master_user_secret_kms_key_id": null,
            "max_allocated_storage": 0,
            "monitoring_interval": 0,
            "monitoring_role_arn": "",
            "multi_az": false,
            "nchar_character_set_name": "",
            "network_type": "IPV4",
            "option_group_name": "default:mysql-8-0",
            "parameter_group_name": "default.mysql8.0",
            "password": "Admin12345",
            "password_wo": null,
            "password_wo_version": null,
            "performance_insights_enabled": false,
            "performance_insights_kms_key_id": "",
            "performance_insights_retention_period": 0,
            "port": 3306,
            "publicly_accessible": false,
            "region": "us-east-1",
            "replica_mode": "",
            "replicas": [],
            "replicate_source_db": "",
            "resource_id": "db-ZHTAXQWRRVBVF3CBQX7C7H776Q",
            "restore_to_point_in_time": [],
            "s3_import": [],
            "skip_final_snapshot": true,
            "snapshot_identifier": null,
            "status": "available",
            "storage_encrypted": false,
            "storage_throughput": 0,
            "storage_type": "gp2",
            "tags": {
              "Name": "my-rds"
            },
            "tags_all": {
              "Name": "my-rds"
            },
            "timeouts": null,
            "timezone": "",
            "upgrade_rollout_order": "second",
            "upgrade_storage_config": null,
            "username": "admin",
            "vpc_security_group_ids": [
              "sg-0b7945d7dc4ed0a4f"
            ]
          },
          "sensitive_attributes": [
            [
              {
                "type": "get_attr",
                "value": "password"
              }
            ],
            [
              {
                "type": "get_attr",
                "value": "password_wo"
              }
            ]
          ],
          "identity_schema_version": 0,
          "private": "eyJlMmJmYjczMC1lY2FhLTExZTYtOGY4OC0zNDM2M2JjN2M0YzAiOnsiY3JlYXRlIjozMDAwMDAwMDAwMDAwLCJkZWxldGUiOjM2MDAwMDAwMDAwMDAsInVwZGF0ZSI6NDgwMDAwMDAwMDAwMH0sInNjaGVtYV92ZXJzaW9uIjoiMiJ9",
          "dependencies": [
            "module.rds.aws_db_subnet_group.db_subnet_group",
            "module.security_group.aws_security_group.SG",
            "module.vpc.aws_subnet.private_db",
            "module.vpc.aws_vpc.main"
          ]
        }
      ]
    },
    {
      "module": "module.rds",
      "mode": "managed",
      "type": "aws_db_subnet_group",
      "name": "db_subnet_group",
      "provider": "provider[\"registry.terraform.io/hashicorp/aws\"]",
      "instances": [
        {
          "schema_version": 0,
          "attributes": {
            "arn": "arn:aws:rds:us-east-1:106295460257:subgrp:my-db-subnet-group",
            "description": "Managed by Terraform",
            "id": "my-db-subnet-group",
            "name": "my-db-subnet-group",
            "name_prefix": "",
            "region": "us-east-1",
            "subnet_ids": [
              "subnet-0179abd88e13c1e17",
              "subnet-0b0278e2640830fb7"
            ],
            "supported_network_types": [
              "IPV4"
            ],
            "tags": {
              "Name": "my-db-subnet-group"
            },
            "tags_all": {
              "Name": "my-db-subnet-group"
            },
            "vpc_id": "vpc-099c29680cf34e711"
          },
          "sensitive_attributes": [],
          "identity_schema_version": 0,
          "identity": {
            "account_id": "106295460257",
            "name": "my-db-subnet-group",
            "region": "us-east-1"
          },
          "private": "bnVsbA==",
          "dependencies": [
            "module.vpc.aws_subnet.private_db",
            "module.vpc.aws_vpc.main"
          ]
        }
      ]
    },
    {
      "module": "module.security_group",
      "mode": "managed",
      "type": "aws_security_group",
      "name": "SG",
      "provider": "provider[\"registry.terraform.io/hashicorp/aws\"]",
      "instances": [
        {
          "index_key": 0,
          "schema_version": 1,
          "attributes": {
            "arn": "arn:aws:ec2:us-east-1:106295460257:security-group/sg-054db35fd80c29141",
            "description": "Security Group for ALB",
            "egress": [
              {
                "cidr_blocks": [
                  "0.0.0.0/0"
                ],
                "description": "",
                "from_port": 0,
                "ipv6_cidr_blocks": [],
                "prefix_list_ids": [],
                "protocol": "-1",
                "security_groups": [],
                "self": false,
                "to_port": 0
              }
            ],
            "id": "sg-054db35fd80c29141",
            "ingress": [
              {
                "cidr_blocks": [
                  "0.0.0.0/0"
                ],
                "description": "",
                "from_port": 443,
                "ipv6_cidr_blocks": [],
                "prefix_list_ids": [],
                "protocol": "tcp",
                "security_groups": [],
                "self": false,
                "to_port": 443
              },
              {
                "cidr_blocks": [
                  "0.0.0.0/0"
                ],
                "description": "",
                "from_port": 80,
                "ipv6_cidr_blocks": [],
                "prefix_list_ids": [],
                "protocol": "tcp",
                "security_groups": [],
                "self": false,
                "to_port": 80
              }
            ],
            "name": "alb-sg",
            "name_prefix": "",
            "owner_id": "106295460257",
            "region": "us-east-1",
            "revoke_rules_on_delete": false,
            "tags": {
              "Name": "alb-sg"
            },
            "tags_all": {
              "Name": "alb-sg"
            },
            "timeouts": null,
            "vpc_id": "vpc-099c29680cf34e711"
          },
          "sensitive_attributes": [],
          "identity_schema_version": 0,
          "identity": {
            "account_id": "106295460257",
            "id": "sg-054db35fd80c29141",
            "region": "us-east-1"
          },
          "private": "eyJlMmJmYjczMC1lY2FhLTExZTYtOGY4OC0zNDM2M2JjN2M0YzAiOnsiY3JlYXRlIjo2MDAwMDAwMDAwMDAsImRlbGV0ZSI6OTAwMDAwMDAwMDAwfSwic2NoZW1hX3ZlcnNpb24iOiIxIn0=",
          "dependencies": [
            "module.vpc.aws_vpc.main"
          ]
        },
        {
          "index_key": 1,
          "schema_version": 1,
          "attributes": {
            "arn": "arn:aws:ec2:us-east-1:106295460257:security-group/sg-0b31bed9ced2e3cb6",
            "description": "Security Group for ALB",
            "egress": [
              {
                "cidr_blocks": [
                  "0.0.0.0/0"
                ],
                "description": "",
                "from_port": 0,
                "ipv6_cidr_blocks": [],
                "prefix_list_ids": [],
                "protocol": "-1",
                "security_groups": [],
                "self": false,
                "to_port": 0
              }
            ],
            "id": "sg-0b31bed9ced2e3cb6",
            "ingress": [
              {
                "cidr_blocks": [],
                "description": "",
                "from_port": 80,
                "ipv6_cidr_blocks": [],
                "prefix_list_ids": [],
                "protocol": "tcp",
                "security_groups": [
                  "sg-054db35fd80c29141"
                ],
                "self": false,
                "to_port": 80
              }
            ],
            "name": "app-sg",
            "name_prefix": "",
            "owner_id": "106295460257",
            "region": "us-east-1",
            "revoke_rules_on_delete": false,
            "tags": {
              "Name": "app-sg"
            },
            "tags_all": {
              "Name": "app-sg"
            },
            "timeouts": null,
            "vpc_id": "vpc-099c29680cf34e711"
          },
          "sensitive_attributes": [],
          "identity_schema_version": 0,
          "identity": {
            "account_id": "106295460257",
            "id": "sg-0b31bed9ced2e3cb6",
            "region": "us-east-1"
          },
          "private": "eyJlMmJmYjczMC1lY2FhLTExZTYtOGY4OC0zNDM2M2JjN2M0YzAiOnsiY3JlYXRlIjo2MDAwMDAwMDAwMDAsImRlbGV0ZSI6OTAwMDAwMDAwMDAwfSwic2NoZW1hX3ZlcnNpb24iOiIxIn0=",
          "dependencies": [
            "module.vpc.aws_vpc.main"
          ]
        },
        {
          "index_key": 2,
          "schema_version": 1,
          "attributes": {
            "arn": "arn:aws:ec2:us-east-1:106295460257:security-group/sg-0b7945d7dc4ed0a4f",
            "description": "Security Group for ALB",
            "egress": [
              {
                "cidr_blocks": [
                  "0.0.0.0/0"
                ],
                "description": "",
                "from_port": 0,
                "ipv6_cidr_blocks": [],
                "prefix_list_ids": [],
                "protocol": "-1",
                "security_groups": [],
                "self": false,
                "to_port": 0
              }
            ],
            "id": "sg-0b7945d7dc4ed0a4f",
            "ingress": [
              {
                "cidr_blocks": [],
                "description": "",
                "from_port": 3306,
                "ipv6_cidr_blocks": [],
                "prefix_list_ids": [],
                "protocol": "tcp",
                "security_groups": [
                  "sg-0b31bed9ced2e3cb6"
                ],
                "self": false,
                "to_port": 3306
              }
            ],
            "name": "db-sg",
            "name_prefix": "",
            "owner_id": "106295460257",
            "region": "us-east-1",
            "revoke_rules_on_delete": false,
            "tags": {
              "Name": "db-sg"
            },
            "tags_all": {
              "Name": "db-sg"
            },
            "timeouts": null,
            "vpc_id": "vpc-099c29680cf34e711"
          },
          "sensitive_attributes": [],
          "identity_schema_version": 0,
          "identity": {
            "account_id": "106295460257",
            "id": "sg-0b7945d7dc4ed0a4f",
            "region": "us-east-1"
          },
          "private": "eyJlMmJmYjczMC1lY2FhLTExZTYtOGY4OC0zNDM2M2JjN2M0YzAiOnsiY3JlYXRlIjo2MDAwMDAwMDAwMDAsImRlbGV0ZSI6OTAwMDAwMDAwMDAwfSwic2NoZW1hX3ZlcnNpb24iOiIxIn0=",
          "dependencies": [
            "module.vpc.aws_vpc.main"
          ]
        }
      ]
    },
    {
      "module": "module.security_group",
      "mode": "managed",
      "type": "aws_security_group_rule",
      "name": "alb_egress",
      "provider": "provider[\"registry.terraform.io/hashicorp/aws\"]",
      "instances": [
        {
          "schema_version": 2,
          "attributes": {
            "cidr_blocks": [
              "0.0.0.0/0"
            ],
            "description": null,
            "from_port": 0,
            "id": "sgrule-218988479",
            "ipv6_cidr_blocks": null,
            "prefix_list_ids": null,
            "protocol": "-1",
            "region": "us-east-1",
            "security_group_id": "sg-054db35fd80c29141",
            "security_group_rule_id": "sgr-0e030765581064bd0",
            "self": false,
            "source_security_group_id": null,
            "timeouts": null,
            "to_port": 0,
            "type": "egress"
          },
          "sensitive_attributes": [],
          "identity_schema_version": 0,
          "private": "eyJlMmJmYjczMC1lY2FhLTExZTYtOGY4OC0zNDM2M2JjN2M0YzAiOnsiY3JlYXRlIjozMDAwMDAwMDAwMDB9LCJzY2hlbWFfdmVyc2lvbiI6IjIifQ==",
          "dependencies": [
            "module.security_group.aws_security_group.SG",
            "module.vpc.aws_vpc.main"
          ]
        }
      ]
    },
    {
      "module": "module.security_group",
      "mode": "managed",
      "type": "aws_security_group_rule",
      "name": "alb_ingress",
      "provider": "provider[\"registry.terraform.io/hashicorp/aws\"]",
      "instances": [
        {
          "index_key": 0,
          "schema_version": 2,
          "attributes": {
            "cidr_blocks": [
              "0.0.0.0/0"
            ],
            "description": null,
            "from_port": 80,
            "id": "sgrule-2856056733",
            "ipv6_cidr_blocks": null,
            "prefix_list_ids": null,
            "protocol": "tcp",
            "region": "us-east-1",
            "security_group_id": "sg-054db35fd80c29141",
            "security_group_rule_id": "sgr-0c4189c0a57078eb6",
            "self": false,
            "source_security_group_id": null,
            "timeouts": null,
            "to_port": 80,
            "type": "ingress"
          },
          "sensitive_attributes": [],
          "identity_schema_version": 0,
          "private": "eyJlMmJmYjczMC1lY2FhLTExZTYtOGY4OC0zNDM2M2JjN2M0YzAiOnsiY3JlYXRlIjozMDAwMDAwMDAwMDB9LCJzY2hlbWFfdmVyc2lvbiI6IjIifQ==",
          "dependencies": [
            "module.security_group.aws_security_group.SG",
            "module.vpc.aws_vpc.main"
          ]
        },
        {
          "index_key": 1,
          "schema_version": 2,
          "attributes": {
            "cidr_blocks": [
              "0.0.0.0/0"
            ],
            "description": null,
            "from_port": 443,
            "id": "sgrule-1091918625",
            "ipv6_cidr_blocks": null,
            "prefix_list_ids": null,
            "protocol": "tcp",
            "region": "us-east-1",
            "security_group_id": "sg-054db35fd80c29141",
            "security_group_rule_id": "sgr-0ac188c2ffad2fdf8",
            "self": false,
            "source_security_group_id": null,
            "timeouts": null,
            "to_port": 443,
            "type": "ingress"
          },
          "sensitive_attributes": [],
          "identity_schema_version": 0,
          "private": "eyJlMmJmYjczMC1lY2FhLTExZTYtOGY4OC0zNDM2M2JjN2M0YzAiOnsiY3JlYXRlIjozMDAwMDAwMDAwMDB9LCJzY2hlbWFfdmVyc2lvbiI6IjIifQ==",
          "dependencies": [
            "module.security_group.aws_security_group.SG",
            "module.vpc.aws_vpc.main"
          ]
        }
      ]
    },
    {
      "module": "module.security_group",
      "mode": "managed",
      "type": "aws_security_group_rule",
      "name": "app_egress",
      "provider": "provider[\"registry.terraform.io/hashicorp/aws\"]",
      "instances": [
        {
          "schema_version": 2,
          "attributes": {
            "cidr_blocks": [
              "0.0.0.0/0"
            ],
            "description": null,
            "from_port": 0,
            "id": "sgrule-439657755",
            "ipv6_cidr_blocks": null,
            "prefix_list_ids": null,
            "protocol": "-1",
            "region": "us-east-1",
            "security_group_id": "sg-0b31bed9ced2e3cb6",
            "security_group_rule_id": "sgr-017a8436635bf97db",
            "self": false,
            "source_security_group_id": null,
            "timeouts": null,
            "to_port": 0,
            "type": "egress"
          },
          "sensitive_attributes": [],
          "identity_schema_version": 0,
          "private": "eyJlMmJmYjczMC1lY2FhLTExZTYtOGY4OC0zNDM2M2JjN2M0YzAiOnsiY3JlYXRlIjozMDAwMDAwMDAwMDB9LCJzY2hlbWFfdmVyc2lvbiI6IjIifQ==",
          "dependencies": [
            "module.security_group.aws_security_group.SG",
            "module.vpc.aws_vpc.main"
          ]
        }
      ]
    },
    {
      "module": "module.security_group",
      "mode": "managed",
      "type": "aws_security_group_rule",
      "name": "app_ingress",
      "provider": "provider[\"registry.terraform.io/hashicorp/aws\"]",
      "instances": [
        {
          "index_key": 0,
          "schema_version": 2,
          "attributes": {
            "cidr_blocks": null,
            "description": null,
            "from_port": 80,
            "id": "sgrule-1957273348",
            "ipv6_cidr_blocks": null,
            "prefix_list_ids": null,
            "protocol": "tcp",
            "region": "us-east-1",
            "security_group_id": "sg-0b31bed9ced2e3cb6",
            "security_group_rule_id": "sgr-06702dab583ac7fb8",
            "self": false,
            "source_security_group_id": "sg-054db35fd80c29141",
            "timeouts": null,
            "to_port": 80,
            "type": "ingress"
          },
          "sensitive_attributes": [],
          "identity_schema_version": 0,
          "private": "eyJlMmJmYjczMC1lY2FhLTExZTYtOGY4OC0zNDM2M2JjN2M0YzAiOnsiY3JlYXRlIjozMDAwMDAwMDAwMDB9LCJzY2hlbWFfdmVyc2lvbiI6IjIifQ==",
          "dependencies": [
            "module.security_group.aws_security_group.SG",
            "module.vpc.aws_vpc.main"
          ]
        }
      ]
    },
    {
      "module": "module.security_group",
      "mode": "managed",
      "type": "aws_security_group_rule",
      "name": "db_egress",
      "provider": "provider[\"registry.terraform.io/hashicorp/aws\"]",
      "instances": [
        {
          "schema_version": 2,
          "attributes": {
            "cidr_blocks": [
              "0.0.0.0/0"
            ],
            "description": null,
            "from_port": 0,
            "id": "sgrule-608764216",
            "ipv6_cidr_blocks": null,
            "prefix_list_ids": null,
            "protocol": "-1",
            "region": "us-east-1",
            "security_group_id": "sg-0b7945d7dc4ed0a4f",
            "security_group_rule_id": "sgr-0232edf3e1228b018",
            "self": false,
            "source_security_group_id": null,
            "timeouts": null,
            "to_port": 0,
            "type": "egress"
          },
          "sensitive_attributes": [],
          "identity_schema_version": 0,
          "private": "eyJlMmJmYjczMC1lY2FhLTExZTYtOGY4OC0zNDM2M2JjN2M0YzAiOnsiY3JlYXRlIjozMDAwMDAwMDAwMDB9LCJzY2hlbWFfdmVyc2lvbiI6IjIifQ==",
          "dependencies": [
            "module.security_group.aws_security_group.SG",
            "module.vpc.aws_vpc.main"
          ]
        }
      ]
    },
    {
      "module": "module.security_group",
      "mode": "managed",
      "type": "aws_security_group_rule",
      "name": "db_ingress",
      "provider": "provider[\"registry.terraform.io/hashicorp/aws\"]",
      "instances": [
        {
          "index_key": 0,
          "schema_version": 2,
          "attributes": {
            "cidr_blocks": null,
            "description": null,
            "from_port": 3306,
            "id": "sgrule-2923761328",
            "ipv6_cidr_blocks": null,
            "prefix_list_ids": null,
            "protocol": "tcp",
            "region": "us-east-1",
            "security_group_id": "sg-0b7945d7dc4ed0a4f",
            "security_group_rule_id": "sgr-0faa4bd43ec4b213e",
            "self": false,
            "source_security_group_id": "sg-0b31bed9ced2e3cb6",
            "timeouts": null,
            "to_port": 3306,
            "type": "ingress"
          },
          "sensitive_attributes": [],
          "identity_schema_version": 0,
          "private": "eyJlMmJmYjczMC1lY2FhLTExZTYtOGY4OC0zNDM2M2JjN2M0YzAiOnsiY3JlYXRlIjozMDAwMDAwMDAwMDB9LCJzY2hlbWFfdmVyc2lvbiI6IjIifQ==",
          "dependencies": [
            "module.security_group.aws_security_group.SG",
            "module.vpc.aws_vpc.main"
          ]
        }
      ]
    },
    {
      "module": "module.vpc",
      "mode": "managed",
      "type": "aws_eip",
      "name": "nat",
      "provider": "module.vpc.provider[\"registry.terraform.io/hashicorp/aws\"]",
      "instances": [
        {
          "schema_version": 0,
          "attributes": {
            "address": null,
            "allocation_id": "eipalloc-05266b6ae50d7641a",
            "arn": "arn:aws:ec2:us-east-1:106295460257:elastic-ip/eipalloc-05266b6ae50d7641a",
            "associate_with_private_ip": null,
            "association_id": "eipassoc-03afb360842e10f06",
            "carrier_ip": "",
            "customer_owned_ip": "",
            "customer_owned_ipv4_pool": "",
            "domain": "vpc",
            "id": "eipalloc-05266b6ae50d7641a",
            "instance": "",
            "ipam_pool_id": "",
            "network_border_group": "us-east-1",
            "network_interface": "eni-065c5ccc832ad9d58",
            "private_dns": "ip-10-0-1-147.ec2.internal",
            "private_ip": "10.0.1.147",
            "ptr_record": "",
            "public_dns": "ec2-18-210-168-61.compute-1.amazonaws.com",
            "public_ip": "18.210.168.61",
            "public_ipv4_pool": "amazon",
            "region": "us-east-1",
            "tags": {
              "Name": "my-ei"
            },
            "tags_all": {
              "Name": "my-ei"
            },
            "timeouts": null
          },
          "sensitive_attributes": [],
          "identity_schema_version": 0,
          "identity": {
            "account_id": "106295460257",
            "id": "eipalloc-05266b6ae50d7641a",
            "region": "us-east-1"
          },
          "private": "eyJlMmJmYjczMC1lY2FhLTExZTYtOGY4OC0zNDM2M2JjN2M0YzAiOnsiZGVsZXRlIjoxODAwMDAwMDAwMDAsInJlYWQiOjkwMDAwMDAwMDAwMCwidXBkYXRlIjozMDAwMDAwMDAwMDB9fQ==",
          "dependencies": [
            "module.vpc.aws_internet_gateway.igw",
            "module.vpc.aws_vpc.main"
          ]
        }
      ]
    },
    {
      "module": "module.vpc",
      "mode": "managed",
      "type": "aws_internet_gateway",
      "name": "igw",
      "provider": "module.vpc.provider[\"registry.terraform.io/hashicorp/aws\"]",
      "instances": [
        {
          "schema_version": 0,
          "attributes": {
            "arn": "arn:aws:ec2:us-east-1:106295460257:internet-gateway/igw-05bf453ebf53f0d0f",
            "id": "igw-05bf453ebf53f0d0f",
            "owner_id": "106295460257",
            "region": "us-east-1",
            "tags": {
              "Name": "main-igw"
            },
            "tags_all": {
              "Name": "main-igw"
            },
            "timeouts": null,
            "vpc_id": "vpc-099c29680cf34e711"
          },
          "sensitive_attributes": [],
          "identity_schema_version": 0,
          "identity": {
            "account_id": "106295460257",
            "id": "igw-05bf453ebf53f0d0f",
            "region": "us-east-1"
          },
          "private": "eyJlMmJmYjczMC1lY2FhLTExZTYtOGY4OC0zNDM2M2JjN2M0YzAiOnsiY3JlYXRlIjoxMjAwMDAwMDAwMDAwLCJkZWxldGUiOjEyMDAwMDAwMDAwMDAsInVwZGF0ZSI6MTIwMDAwMDAwMDAwMH19",
          "dependencies": [
            "module.vpc.aws_vpc.main"
          ]
        }
      ]
    },
    {
      "module": "module.vpc",
      "mode": "managed",
      "type": "aws_nat_gateway",
      "name": "nat",
      "provider": "module.vpc.provider[\"registry.terraform.io/hashicorp/aws\"]",
      "instances": [
        {
          "schema_version": 0,
          "attributes": {
            "allocation_id": "eipalloc-05266b6ae50d7641a",
            "association_id": "eipassoc-03afb360842e10f06",
            "auto_provision_zones": null,
            "auto_scaling_ips": null,
            "availability_mode": "zonal",
            "availability_zone_address": [],
            "connectivity_type": "public",
            "id": "nat-02ff6fb8f391c7ea8",
            "network_interface_id": "eni-065c5ccc832ad9d58",
            "private_ip": "10.0.1.147",
            "public_ip": "18.210.168.61",
            "region": "us-east-1",
            "regional_nat_gateway_address": [],
            "regional_nat_gateway_auto_mode": null,
            "route_table_id": null,
            "secondary_allocation_ids": [],
            "secondary_private_ip_address_count": 0,
            "secondary_private_ip_addresses": [],
            "subnet_id": "subnet-005a7474d84451e2d",
            "tags": {
              "Name": "my-nat"
            },
            "tags_all": {
              "Name": "my-nat"
            },
            "timeouts": null,
            "vpc_id": "vpc-099c29680cf34e711"
          },
          "sensitive_attributes": [],
          "identity_schema_version": 0,
          "identity": {
            "account_id": "106295460257",
            "id": "nat-02ff6fb8f391c7ea8",
            "region": "us-east-1"
          },
          "private": "eyJlMmJmYjczMC1lY2FhLTExZTYtOGY4OC0zNDM2M2JjN2M0YzAiOnsiY3JlYXRlIjo2MDAwMDAwMDAwMDAsImRlbGV0ZSI6MTgwMDAwMDAwMDAwMCwidXBkYXRlIjo2MDAwMDAwMDAwMDB9fQ==",
          "dependencies": [
            "module.vpc.aws_eip.nat",
            "module.vpc.aws_internet_gateway.igw",
            "module.vpc.aws_subnet.public",
            "module.vpc.aws_vpc.main"
          ]
        }
      ]
    },
    {
      "module": "module.vpc",
      "mode": "managed",
      "type": "aws_route_table",
      "name": "private",
      "provider": "module.vpc.provider[\"registry.terraform.io/hashicorp/aws\"]",
      "instances": [
        {
          "schema_version": 0,
          "attributes": {
            "arn": "arn:aws:ec2:us-east-1:106295460257:route-table/rtb-02e3af62c91f9c0aa",
            "id": "rtb-02e3af62c91f9c0aa",
            "owner_id": "106295460257",
            "propagating_vgws": [],
            "region": "us-east-1",
            "route": [
              {
                "carrier_gateway_id": "",
                "cidr_block": "0.0.0.0/0",
                "core_network_arn": "",
                "destination_prefix_list_id": "",
                "egress_only_gateway_id": "",
                "gateway_id": "",
                "ipv6_cidr_block": "",
                "local_gateway_id": "",
                "nat_gateway_id": "nat-02ff6fb8f391c7ea8",
                "network_interface_id": "",
                "odb_network_arn": "",
                "transit_gateway_id": "",
                "vpc_endpoint_id": "",
                "vpc_peering_connection_id": ""
              }
            ],
            "tags": {
              "Name": "private-rt"
            },
            "tags_all": {
              "Name": "private-rt"
            },
            "timeouts": null,
            "vpc_id": "vpc-099c29680cf34e711"
          },
          "sensitive_attributes": [],
          "identity_schema_version": 0,
          "identity": {
            "account_id": "106295460257",
            "id": "rtb-02e3af62c91f9c0aa",
            "region": "us-east-1"
          },
          "private": "eyJlMmJmYjczMC1lY2FhLTExZTYtOGY4OC0zNDM2M2JjN2M0YzAiOnsiY3JlYXRlIjozMDAwMDAwMDAwMDAsImRlbGV0ZSI6MzAwMDAwMDAwMDAwLCJ1cGRhdGUiOjEyMDAwMDAwMDAwMH19",
          "dependencies": [
            "module.vpc.aws_eip.nat",
            "module.vpc.aws_internet_gateway.igw",
            "module.vpc.aws_nat_gateway.nat",
            "module.vpc.aws_subnet.public",
            "module.vpc.aws_vpc.main"
          ]
        }
      ]
    },
    {
      "module": "module.vpc",
      "mode": "managed",
      "type": "aws_route_table",
      "name": "public",
      "provider": "module.vpc.provider[\"registry.terraform.io/hashicorp/aws\"]",
      "instances": [
        {
          "schema_version": 0,
          "attributes": {
            "arn": "arn:aws:ec2:us-east-1:106295460257:route-table/rtb-01afff0657a4e9b4b",
            "id": "rtb-01afff0657a4e9b4b",
            "owner_id": "106295460257",
            "propagating_vgws": [],
            "region": "us-east-1",
            "route": [
              {
                "carrier_gateway_id": "",
                "cidr_block": "0.0.0.0/0",
                "core_network_arn": "",
                "destination_prefix_list_id": "",
                "egress_only_gateway_id": "",
                "gateway_id": "igw-05bf453ebf53f0d0f",
                "ipv6_cidr_block": "",
                "local_gateway_id": "",
                "nat_gateway_id": "",
                "network_interface_id": "",
                "odb_network_arn": "",
                "transit_gateway_id": "",
                "vpc_endpoint_id": "",
                "vpc_peering_connection_id": ""
              }
            ],
            "tags": {
              "Name": "public-rt"
            },
            "tags_all": {
              "Name": "public-rt"
            },
            "timeouts": null,
            "vpc_id": "vpc-099c29680cf34e711"
          },
          "sensitive_attributes": [],
          "identity_schema_version": 0,
          "identity": {
            "account_id": "106295460257",
            "id": "rtb-01afff0657a4e9b4b",
            "region": "us-east-1"
          },
          "private": "eyJlMmJmYjczMC1lY2FhLTExZTYtOGY4OC0zNDM2M2JjN2M0YzAiOnsiY3JlYXRlIjozMDAwMDAwMDAwMDAsImRlbGV0ZSI6MzAwMDAwMDAwMDAwLCJ1cGRhdGUiOjEyMDAwMDAwMDAwMH19",
          "dependencies": [
            "module.vpc.aws_internet_gateway.igw",
            "module.vpc.aws_vpc.main"
          ]
        }
      ]
    },
    {
      "module": "module.vpc",
      "mode": "managed",
      "type": "aws_route_table_association",
      "name": "app",
      "provider": "module.vpc.provider[\"registry.terraform.io/hashicorp/aws\"]",
      "instances": [
        {
          "index_key": 0,
          "schema_version": 0,
          "attributes": {
            "gateway_id": "",
            "id": "rtbassoc-030c72d94acf7ec15",
            "region": "us-east-1",
            "route_table_id": "rtb-02e3af62c91f9c0aa",
            "subnet_id": "subnet-026fb2ffa1c53c469",
            "timeouts": null
          },
          "sensitive_attributes": [],
          "identity_schema_version": 0,
          "identity": {
            "account_id": "106295460257",
            "id": "rtbassoc-030c72d94acf7ec15",
            "region": "us-east-1"
          },
          "private": "eyJlMmJmYjczMC1lY2FhLTExZTYtOGY4OC0zNDM2M2JjN2M0YzAiOnsiY3JlYXRlIjozMDAwMDAwMDAwMDAsImRlbGV0ZSI6MzAwMDAwMDAwMDAwLCJ1cGRhdGUiOjEyMDAwMDAwMDAwMH19",
          "dependencies": [
            "module.vpc.aws_eip.nat",
            "module.vpc.aws_internet_gateway.igw",
            "module.vpc.aws_nat_gateway.nat",
            "module.vpc.aws_route_table.private",
            "module.vpc.aws_subnet.private_app",
            "module.vpc.aws_subnet.public",
            "module.vpc.aws_vpc.main"
          ]
        },
        {
          "index_key": 1,
          "schema_version": 0,
          "attributes": {
            "gateway_id": "",
            "id": "rtbassoc-04e863ad0a76b0834",
            "region": "us-east-1",
            "route_table_id": "rtb-02e3af62c91f9c0aa",
            "subnet_id": "subnet-03592483540163ff9",
            "timeouts": null
          },
          "sensitive_attributes": [],
          "identity_schema_version": 0,
          "identity": {
            "account_id": "106295460257",
            "id": "rtbassoc-04e863ad0a76b0834",
            "region": "us-east-1"
          },
          "private": "eyJlMmJmYjczMC1lY2FhLTExZTYtOGY4OC0zNDM2M2JjN2M0YzAiOnsiY3JlYXRlIjozMDAwMDAwMDAwMDAsImRlbGV0ZSI6MzAwMDAwMDAwMDAwLCJ1cGRhdGUiOjEyMDAwMDAwMDAwMH19",
          "dependencies": [
            "module.vpc.aws_eip.nat",
            "module.vpc.aws_internet_gateway.igw",
            "module.vpc.aws_nat_gateway.nat",
            "module.vpc.aws_route_table.private",
            "module.vpc.aws_subnet.private_app",
            "module.vpc.aws_subnet.public",
            "module.vpc.aws_vpc.main"
          ]
        }
      ]
    },
    {
      "module": "module.vpc",
      "mode": "managed",
      "type": "aws_route_table_association",
      "name": "db",
      "provider": "module.vpc.provider[\"registry.terraform.io/hashicorp/aws\"]",
      "instances": [
        {
          "index_key": 0,
          "schema_version": 0,
          "attributes": {
            "gateway_id": "",
            "id": "rtbassoc-0bee5f64304770acb",
            "region": "us-east-1",
            "route_table_id": "rtb-02e3af62c91f9c0aa",
            "subnet_id": "subnet-0179abd88e13c1e17",
            "timeouts": null
          },
          "sensitive_attributes": [],
          "identity_schema_version": 0,
          "identity": {
            "account_id": "106295460257",
            "id": "rtbassoc-0bee5f64304770acb",
            "region": "us-east-1"
          },
          "private": "eyJlMmJmYjczMC1lY2FhLTExZTYtOGY4OC0zNDM2M2JjN2M0YzAiOnsiY3JlYXRlIjozMDAwMDAwMDAwMDAsImRlbGV0ZSI6MzAwMDAwMDAwMDAwLCJ1cGRhdGUiOjEyMDAwMDAwMDAwMH19",
          "dependencies": [
            "module.vpc.aws_eip.nat",
            "module.vpc.aws_internet_gateway.igw",
            "module.vpc.aws_nat_gateway.nat",
            "module.vpc.aws_route_table.private",
            "module.vpc.aws_subnet.private_db",
            "module.vpc.aws_subnet.public",
            "module.vpc.aws_vpc.main"
          ]
        },
        {
          "index_key": 1,
          "schema_version": 0,
          "attributes": {
            "gateway_id": "",
            "id": "rtbassoc-0266e8f750b654346",
            "region": "us-east-1",
            "route_table_id": "rtb-02e3af62c91f9c0aa",
            "subnet_id": "subnet-0b0278e2640830fb7",
            "timeouts": null
          },
          "sensitive_attributes": [],
          "identity_schema_version": 0,
          "identity": {
            "account_id": "106295460257",
            "id": "rtbassoc-0266e8f750b654346",
            "region": "us-east-1"
          },
          "private": "eyJlMmJmYjczMC1lY2FhLTExZTYtOGY4OC0zNDM2M2JjN2M0YzAiOnsiY3JlYXRlIjozMDAwMDAwMDAwMDAsImRlbGV0ZSI6MzAwMDAwMDAwMDAwLCJ1cGRhdGUiOjEyMDAwMDAwMDAwMH19",
          "dependencies": [
            "module.vpc.aws_eip.nat",
            "module.vpc.aws_internet_gateway.igw",
            "module.vpc.aws_nat_gateway.nat",
            "module.vpc.aws_route_table.private",
            "module.vpc.aws_subnet.private_db",
            "module.vpc.aws_subnet.public",
            "module.vpc.aws_vpc.main"
          ]
        }
      ]
    },
    {
      "module": "module.vpc",
      "mode": "managed",
      "type": "aws_route_table_association",
      "name": "public",
      "provider": "module.vpc.provider[\"registry.terraform.io/hashicorp/aws\"]",
      "instances": [
        {
          "index_key": 0,
          "schema_version": 0,
          "attributes": {
            "gateway_id": "",
            "id": "rtbassoc-0a979571cf57a01ac",
            "region": "us-east-1",
            "route_table_id": "rtb-01afff0657a4e9b4b",
            "subnet_id": "subnet-005a7474d84451e2d",
            "timeouts": null
          },
          "sensitive_attributes": [],
          "identity_schema_version": 0,
          "identity": {
            "account_id": "106295460257",
            "id": "rtbassoc-0a979571cf57a01ac",
            "region": "us-east-1"
          },
          "private": "eyJlMmJmYjczMC1lY2FhLTExZTYtOGY4OC0zNDM2M2JjN2M0YzAiOnsiY3JlYXRlIjozMDAwMDAwMDAwMDAsImRlbGV0ZSI6MzAwMDAwMDAwMDAwLCJ1cGRhdGUiOjEyMDAwMDAwMDAwMH19",
          "dependencies": [
            "module.vpc.aws_internet_gateway.igw",
            "module.vpc.aws_route_table.public",
            "module.vpc.aws_subnet.public",
            "module.vpc.aws_vpc.main"
          ]
        },
        {
          "index_key": 1,
          "schema_version": 0,
          "attributes": {
            "gateway_id": "",
            "id": "rtbassoc-0acf6ef3ba69ef1e7",
            "region": "us-east-1",
            "route_table_id": "rtb-01afff0657a4e9b4b",
            "subnet_id": "subnet-091e0d61ff8bbf283",
            "timeouts": null
          },
          "sensitive_attributes": [],
          "identity_schema_version": 0,
          "identity": {
            "account_id": "106295460257",
            "id": "rtbassoc-0acf6ef3ba69ef1e7",
            "region": "us-east-1"
          },
          "private": "eyJlMmJmYjczMC1lY2FhLTExZTYtOGY4OC0zNDM2M2JjN2M0YzAiOnsiY3JlYXRlIjozMDAwMDAwMDAwMDAsImRlbGV0ZSI6MzAwMDAwMDAwMDAwLCJ1cGRhdGUiOjEyMDAwMDAwMDAwMH19",
          "dependencies": [
            "module.vpc.aws_internet_gateway.igw",
            "module.vpc.aws_route_table.public",
            "module.vpc.aws_subnet.public",
            "module.vpc.aws_vpc.main"
          ]
        }
      ]
    },
    {
      "module": "module.vpc",
      "mode": "managed",
      "type": "aws_subnet",
      "name": "private_app",
      "provider": "module.vpc.provider[\"registry.terraform.io/hashicorp/aws\"]",
      "instances": [
        {
          "index_key": 0,
          "schema_version": 1,
          "attributes": {
            "arn": "arn:aws:ec2:us-east-1:106295460257:subnet/subnet-026fb2ffa1c53c469",
            "assign_ipv6_address_on_creation": false,
            "availability_zone": "us-east-1a",
            "availability_zone_id": "use1-az1",
            "cidr_block": "10.0.11.0/24",
            "customer_owned_ipv4_pool": "",
            "enable_dns64": false,
            "enable_lni_at_device_index": 0,
            "enable_resource_name_dns_a_record_on_launch": false,
            "enable_resource_name_dns_aaaa_record_on_launch": false,
            "id": "subnet-026fb2ffa1c53c469",
            "ipv4_ipam_pool_id": null,
            "ipv4_netmask_length": null,
            "ipv6_cidr_block": "",
            "ipv6_cidr_block_association_id": "",
            "ipv6_ipam_pool_id": null,
            "ipv6_native": false,
            "ipv6_netmask_length": null,
            "map_customer_owned_ip_on_launch": false,
            "map_public_ip_on_launch": false,
            "outpost_arn": "",
            "owner_id": "106295460257",
            "private_dns_hostname_type_on_launch": "ip-name",
            "region": "us-east-1",
            "tags": {
              "Name": "private-app-1a"
            },
            "tags_all": {
              "Name": "private-app-1a"
            },
            "timeouts": null,
            "vpc_id": "vpc-099c29680cf34e711"
          },
          "sensitive_attributes": [],
          "identity_schema_version": 0,
          "identity": {
            "account_id": "106295460257",
            "id": "subnet-026fb2ffa1c53c469",
            "region": "us-east-1"
          },
          "private": "eyJlMmJmYjczMC1lY2FhLTExZTYtOGY4OC0zNDM2M2JjN2M0YzAiOnsiY3JlYXRlIjo2MDAwMDAwMDAwMDAsImRlbGV0ZSI6MTIwMDAwMDAwMDAwMH0sInNjaGVtYV92ZXJzaW9uIjoiMSJ9",
          "dependencies": [
            "module.vpc.aws_vpc.main"
          ]
        },
        {
          "index_key": 1,
          "schema_version": 1,
          "attributes": {
            "arn": "arn:aws:ec2:us-east-1:106295460257:subnet/subnet-03592483540163ff9",
            "assign_ipv6_address_on_creation": false,
            "availability_zone": "us-east-1b",
            "availability_zone_id": "use1-az2",
            "cidr_block": "10.0.12.0/24",
            "customer_owned_ipv4_pool": "",
            "enable_dns64": false,
            "enable_lni_at_device_index": 0,
            "enable_resource_name_dns_a_record_on_launch": false,
            "enable_resource_name_dns_aaaa_record_on_launch": false,
            "id": "subnet-03592483540163ff9",
            "ipv4_ipam_pool_id": null,
            "ipv4_netmask_length": null,
            "ipv6_cidr_block": "",
            "ipv6_cidr_block_association_id": "",
            "ipv6_ipam_pool_id": null,
            "ipv6_native": false,
            "ipv6_netmask_length": null,
            "map_customer_owned_ip_on_launch": false,
            "map_public_ip_on_launch": false,
            "outpost_arn": "",
            "owner_id": "106295460257",
            "private_dns_hostname_type_on_launch": "ip-name",
            "region": "us-east-1",
            "tags": {
              "Name": "private-app-1b"
            },
            "tags_all": {
              "Name": "private-app-1b"
            },
            "timeouts": null,
            "vpc_id": "vpc-099c29680cf34e711"
          },
          "sensitive_attributes": [],
          "identity_schema_version": 0,
          "identity": {
            "account_id": "106295460257",
            "id": "subnet-03592483540163ff9",
            "region": "us-east-1"
          },
          "private": "eyJlMmJmYjczMC1lY2FhLTExZTYtOGY4OC0zNDM2M2JjN2M0YzAiOnsiY3JlYXRlIjo2MDAwMDAwMDAwMDAsImRlbGV0ZSI6MTIwMDAwMDAwMDAwMH0sInNjaGVtYV92ZXJzaW9uIjoiMSJ9",
          "dependencies": [
            "module.vpc.aws_vpc.main"
          ]
        }
      ]
    },
    {
      "module": "module.vpc",
      "mode": "managed",
      "type": "aws_subnet",
      "name": "private_db",
      "provider": "module.vpc.provider[\"registry.terraform.io/hashicorp/aws\"]",
      "instances": [
        {
          "index_key": 0,
          "schema_version": 1,
          "attributes": {
            "arn": "arn:aws:ec2:us-east-1:106295460257:subnet/subnet-0179abd88e13c1e17",
            "assign_ipv6_address_on_creation": false,
            "availability_zone": "us-east-1a",
            "availability_zone_id": "use1-az1",
            "cidr_block": "10.0.21.0/24",
            "customer_owned_ipv4_pool": "",
            "enable_dns64": false,
            "enable_lni_at_device_index": 0,
            "enable_resource_name_dns_a_record_on_launch": false,
            "enable_resource_name_dns_aaaa_record_on_launch": false,
            "id": "subnet-0179abd88e13c1e17",
            "ipv4_ipam_pool_id": null,
            "ipv4_netmask_length": null,
            "ipv6_cidr_block": "",
            "ipv6_cidr_block_association_id": "",
            "ipv6_ipam_pool_id": null,
            "ipv6_native": false,
            "ipv6_netmask_length": null,
            "map_customer_owned_ip_on_launch": false,
            "map_public_ip_on_launch": false,
            "outpost_arn": "",
            "owner_id": "106295460257",
            "private_dns_hostname_type_on_launch": "ip-name",
            "region": "us-east-1",
            "tags": {
              "Name": "private-db-1a"
            },
            "tags_all": {
              "Name": "private-db-1a"
            },
            "timeouts": null,
            "vpc_id": "vpc-099c29680cf34e711"
          },
          "sensitive_attributes": [],
          "identity_schema_version": 0,
          "identity": {
            "account_id": "106295460257",
            "id": "subnet-0179abd88e13c1e17",
            "region": "us-east-1"
          },
          "private": "eyJlMmJmYjczMC1lY2FhLTExZTYtOGY4OC0zNDM2M2JjN2M0YzAiOnsiY3JlYXRlIjo2MDAwMDAwMDAwMDAsImRlbGV0ZSI6MTIwMDAwMDAwMDAwMH0sInNjaGVtYV92ZXJzaW9uIjoiMSJ9",
          "dependencies": [
            "module.vpc.aws_vpc.main"
          ]
        },
        {
          "index_key": 1,
          "schema_version": 1,
          "attributes": {
            "arn": "arn:aws:ec2:us-east-1:106295460257:subnet/subnet-0b0278e2640830fb7",
            "assign_ipv6_address_on_creation": false,
            "availability_zone": "us-east-1b",
            "availability_zone_id": "use1-az2",
            "cidr_block": "10.0.22.0/24",
            "customer_owned_ipv4_pool": "",
            "enable_dns64": false,
            "enable_lni_at_device_index": 0,
            "enable_resource_name_dns_a_record_on_launch": false,
            "enable_resource_name_dns_aaaa_record_on_launch": false,
            "id": "subnet-0b0278e2640830fb7",
            "ipv4_ipam_pool_id": null,
            "ipv4_netmask_length": null,
            "ipv6_cidr_block": "",
            "ipv6_cidr_block_association_id": "",
            "ipv6_ipam_pool_id": null,
            "ipv6_native": false,
            "ipv6_netmask_length": null,
            "map_customer_owned_ip_on_launch": false,
            "map_public_ip_on_launch": false,
            "outpost_arn": "",
            "owner_id": "106295460257",
            "private_dns_hostname_type_on_launch": "ip-name",
            "region": "us-east-1",
            "tags": {
              "Name": "private-db-1b"
            },
            "tags_all": {
              "Name": "private-db-1b"
            },
            "timeouts": null,
            "vpc_id": "vpc-099c29680cf34e711"
          },
          "sensitive_attributes": [],
          "identity_schema_version": 0,
          "identity": {
            "account_id": "106295460257",
            "id": "subnet-0b0278e2640830fb7",
            "region": "us-east-1"
          },
          "private": "eyJlMmJmYjczMC1lY2FhLTExZTYtOGY4OC0zNDM2M2JjN2M0YzAiOnsiY3JlYXRlIjo2MDAwMDAwMDAwMDAsImRlbGV0ZSI6MTIwMDAwMDAwMDAwMH0sInNjaGVtYV92ZXJzaW9uIjoiMSJ9",
          "dependencies": [
            "module.vpc.aws_vpc.main"
          ]
        }
      ]
    },
    {
      "module": "module.vpc",
      "mode": "managed",
      "type": "aws_subnet",
      "name": "public",
      "provider": "module.vpc.provider[\"registry.terraform.io/hashicorp/aws\"]",
      "instances": [
        {
          "index_key": 0,
          "schema_version": 1,
          "attributes": {
            "arn": "arn:aws:ec2:us-east-1:106295460257:subnet/subnet-005a7474d84451e2d",
            "assign_ipv6_address_on_creation": false,
            "availability_zone": "us-east-1a",
            "availability_zone_id": "use1-az1",
            "cidr_block": "10.0.1.0/24",
            "customer_owned_ipv4_pool": "",
            "enable_dns64": false,
            "enable_lni_at_device_index": 0,
            "enable_resource_name_dns_a_record_on_launch": false,
            "enable_resource_name_dns_aaaa_record_on_launch": false,
            "id": "subnet-005a7474d84451e2d",
            "ipv4_ipam_pool_id": null,
            "ipv4_netmask_length": null,
            "ipv6_cidr_block": "",
            "ipv6_cidr_block_association_id": "",
            "ipv6_ipam_pool_id": null,
            "ipv6_native": false,
            "ipv6_netmask_length": null,
            "map_customer_owned_ip_on_launch": false,
            "map_public_ip_on_launch": true,
            "outpost_arn": "",
            "owner_id": "106295460257",
            "private_dns_hostname_type_on_launch": "ip-name",
            "region": "us-east-1",
            "tags": {
              "Name": "public-web-1a"
            },
            "tags_all": {
              "Name": "public-web-1a"
            },
            "timeouts": null,
            "vpc_id": "vpc-099c29680cf34e711"
          },
          "sensitive_attributes": [],
          "identity_schema_version": 0,
          "identity": {
            "account_id": "106295460257",
            "id": "subnet-005a7474d84451e2d",
            "region": "us-east-1"
          },
          "private": "eyJlMmJmYjczMC1lY2FhLTExZTYtOGY4OC0zNDM2M2JjN2M0YzAiOnsiY3JlYXRlIjo2MDAwMDAwMDAwMDAsImRlbGV0ZSI6MTIwMDAwMDAwMDAwMH0sInNjaGVtYV92ZXJzaW9uIjoiMSJ9",
          "dependencies": [
            "module.vpc.aws_vpc.main"
          ]
        },
        {
          "index_key": 1,
          "schema_version": 1,
          "attributes": {
            "arn": "arn:aws:ec2:us-east-1:106295460257:subnet/subnet-091e0d61ff8bbf283",
            "assign_ipv6_address_on_creation": false,
            "availability_zone": "us-east-1b",
            "availability_zone_id": "use1-az2",
            "cidr_block": "10.0.2.0/24",
            "customer_owned_ipv4_pool": "",
            "enable_dns64": false,
            "enable_lni_at_device_index": 0,
            "enable_resource_name_dns_a_record_on_launch": false,
            "enable_resource_name_dns_aaaa_record_on_launch": false,
            "id": "subnet-091e0d61ff8bbf283",
            "ipv4_ipam_pool_id": null,
            "ipv4_netmask_length": null,
            "ipv6_cidr_block": "",
            "ipv6_cidr_block_association_id": "",
            "ipv6_ipam_pool_id": null,
            "ipv6_native": false,
            "ipv6_netmask_length": null,
            "map_customer_owned_ip_on_launch": false,
            "map_public_ip_on_launch": true,
            "outpost_arn": "",
            "owner_id": "106295460257",
            "private_dns_hostname_type_on_launch": "ip-name",
            "region": "us-east-1",
            "tags": {
              "Name": "public-web-1b"
            },
            "tags_all": {
              "Name": "public-web-1b"
            },
            "timeouts": null,
            "vpc_id": "vpc-099c29680cf34e711"
          },
          "sensitive_attributes": [],
          "identity_schema_version": 0,
          "identity": {
            "account_id": "106295460257",
            "id": "subnet-091e0d61ff8bbf283",
            "region": "us-east-1"
          },
          "private": "eyJlMmJmYjczMC1lY2FhLTExZTYtOGY4OC0zNDM2M2JjN2M0YzAiOnsiY3JlYXRlIjo2MDAwMDAwMDAwMDAsImRlbGV0ZSI6MTIwMDAwMDAwMDAwMH0sInNjaGVtYV92ZXJzaW9uIjoiMSJ9",
          "dependencies": [
            "module.vpc.aws_vpc.main"
          ]
        }
      ]
    },
    {
      "module": "module.vpc",
      "mode": "managed",
      "type": "aws_vpc",
      "name": "main",
      "provider": "module.vpc.provider[\"registry.terraform.io/hashicorp/aws\"]",
      "instances": [
        {
          "schema_version": 1,
          "attributes": {
            "arn": "arn:aws:ec2:us-east-1:106295460257:vpc/vpc-099c29680cf34e711",
            "assign_generated_ipv6_cidr_block": false,
            "cidr_block": "10.0.0.0/16",
            "default_network_acl_id": "acl-0a51375553c418c4a",
            "default_route_table_id": "rtb-07a32739efad2e57d",
            "default_security_group_id": "sg-0f362d6b378e22f63",
            "dhcp_options_id": "dopt-060df84b2e1a364ef",
            "enable_dns_hostnames": true,
            "enable_dns_support": true,
            "enable_network_address_usage_metrics": false,
            "id": "vpc-099c29680cf34e711",
            "instance_tenancy": "default",
            "ipv4_ipam_pool_id": null,
            "ipv4_netmask_length": null,
            "ipv6_association_id": "",
            "ipv6_cidr_block": "",
            "ipv6_cidr_block_network_border_group": "",
            "ipv6_ipam_pool_id": "",
            "ipv6_netmask_length": 0,
            "main_route_table_id": "rtb-07a32739efad2e57d",
            "owner_id": "106295460257",
            "region": "us-east-1",
            "tags": {
              "Name": "main-vpc"
            },
            "tags_all": {
              "Name": "main-vpc"
            }
          },
          "sensitive_attributes": [],
          "identity_schema_version": 0,
          "identity": {
            "account_id": "106295460257",
            "id": "vpc-099c29680cf34e711",
            "region": "us-east-1"
          },
          "private": "eyJzY2hlbWFfdmVyc2lvbiI6IjEifQ=="
        }
      ]
    }
  ],
  "check_results": null
}
